// !$*UTF8*$!
{
	archiveVersion = 1;
	classes = {
	};
	objectVersion = 46;
	objects = {

/* Begin PBXBuildFile section */
		4A6234141BFD0F8C008DAFEE /* main.m in Sources */ = {isa = PBXBuildFile; fileRef = 4A6234131BFD0F8C008DAFEE /* main.m */; };
		4A6234171BFD0F8C008DAFEE /* AppDelegate.m in Sources */ = {isa = PBXBuildFile; fileRef = 4A6234161BFD0F8C008DAFEE /* AppDelegate.m */; };
		4A62341A1BFD0F8C008DAFEE /* ViewController.m in Sources */ = {isa = PBXBuildFile; fileRef = 4A6234191BFD0F8C008DAFEE /* ViewController.m */; };
		4A62341D1BFD0F8C008DAFEE /* Main.storyboard in Resources */ = {isa = PBXBuildFile; fileRef = 4A62341B1BFD0F8C008DAFEE /* Main.storyboard */; };
		4A62341F1BFD0F8C008DAFEE /* Assets.xcassets in Resources */ = {isa = PBXBuildFile; fileRef = 4A62341E1BFD0F8C008DAFEE /* Assets.xcassets */; };
		4A6234221BFD0F8C008DAFEE /* LaunchScreen.storyboard in Resources */ = {isa = PBXBuildFile; fileRef = 4A6234201BFD0F8C008DAFEE /* LaunchScreen.storyboard */; };
		4A62342D1BFD0F8D008DAFEE /* LibroDeNoaTests.m in Sources */ = {isa = PBXBuildFile; fileRef = 4A62342C1BFD0F8D008DAFEE /* LibroDeNoaTests.m */; };
		4A6234381BFD0F8D008DAFEE /* LibroDeNoaUITests.m in Sources */ = {isa = PBXBuildFile; fileRef = 4A6234371BFD0F8D008DAFEE /* LibroDeNoaUITests.m */; };
		4A62364C1BFD1076008DAFEE /* Stanberry.ttf in Resources */ = {isa = PBXBuildFile; fileRef = 4A6235981BFD1075008DAFEE /* Stanberry.ttf */; };
		4A62364D1BFD1076008DAFEE /* bafarada01.png in Resources */ = {isa = PBXBuildFile; fileRef = 4A62359C1BFD1075008DAFEE /* bafarada01.png */; };
		4A62364E1BFD1076008DAFEE /* bafarada02.png in Resources */ = {isa = PBXBuildFile; fileRef = 4A62359D1BFD1075008DAFEE /* bafarada02.png */; };
		4A62364F1BFD1076008DAFEE /* bafarada03.png in Resources */ = {isa = PBXBuildFile; fileRef = 4A62359E1BFD1075008DAFEE /* bafarada03.png */; };
		4A6236501BFD1076008DAFEE /* bafarada05.png in Resources */ = {isa = PBXBuildFile; fileRef = 4A62359F1BFD1075008DAFEE /* bafarada05.png */; };
		4A6236511BFD1076008DAFEE /* bafarada06.png in Resources */ = {isa = PBXBuildFile; fileRef = 4A6235A01BFD1075008DAFEE /* bafarada06.png */; };
		4A6236521BFD1076008DAFEE /* bafarada08.png in Resources */ = {isa = PBXBuildFile; fileRef = 4A6235A11BFD1075008DAFEE /* bafarada08.png */; };
		4A6236531BFD1076008DAFEE /* bafarada09.png in Resources */ = {isa = PBXBuildFile; fileRef = 4A6235A21BFD1075008DAFEE /* bafarada09.png */; };
		4A6236541BFD1076008DAFEE /* bafarada10.png in Resources */ = {isa = PBXBuildFile; fileRef = 4A6235A31BFD1075008DAFEE /* bafarada10.png */; };
		4A6236551BFD1076008DAFEE /* bafarada11.png in Resources */ = {isa = PBXBuildFile; fileRef = 4A6235A41BFD1075008DAFEE /* bafarada11.png */; };
		4A6236561BFD1076008DAFEE /* 01_Carlota_bici01.png in Resources */ = {isa = PBXBuildFile; fileRef = 4A6235A61BFD1075008DAFEE /* 01_Carlota_bici01.png */; };
		4A6236571BFD1076008DAFEE /* 01_Carlota_bici02.png in Resources */ = {isa = PBXBuildFile; fileRef = 4A6235A71BFD1075008DAFEE /* 01_Carlota_bici02.png */; };
		4A6236581BFD1076008DAFEE /* 01_Carlota_bici03.png in Resources */ = {isa = PBXBuildFile; fileRef = 4A6235A81BFD1075008DAFEE /* 01_Carlota_bici03.png */; };
		4A6236591BFD1076008DAFEE /* 01_Carlota_bici04.png in Resources */ = {isa = PBXBuildFile; fileRef = 4A6235A91BFD1075008DAFEE /* 01_Carlota_bici04.png */; };
		4A62365A1BFD1076008DAFEE /* 01_Carlota_bici05.png in Resources */ = {isa = PBXBuildFile; fileRef = 4A6235AA1BFD1075008DAFEE /* 01_Carlota_bici05.png */; };
		4A62365B1BFD1076008DAFEE /* 01_Carlota_bici06.png in Resources */ = {isa = PBXBuildFile; fileRef = 4A6235AB1BFD1075008DAFEE /* 01_Carlota_bici06.png */; };
		4A62365C1BFD1076008DAFEE /* 01_Carlota_bici07.png in Resources */ = {isa = PBXBuildFile; fileRef = 4A6235AC1BFD1075008DAFEE /* 01_Carlota_bici07.png */; };
		4A62365D1BFD1076008DAFEE /* 01_Carlota_bici08.png in Resources */ = {isa = PBXBuildFile; fileRef = 4A6235AD1BFD1075008DAFEE /* 01_Carlota_bici08.png */; };
		4A62365E1BFD1076008DAFEE /* 01_Carlota_bici09.png in Resources */ = {isa = PBXBuildFile; fileRef = 4A6235AE1BFD1075008DAFEE /* 01_Carlota_bici09.png */; };
		4A62365F1BFD1076008DAFEE /* 01_Carlota_bici10.png in Resources */ = {isa = PBXBuildFile; fileRef = 4A6235AF1BFD1075008DAFEE /* 01_Carlota_bici10.png */; };
		4A6236601BFD1076008DAFEE /* 01_Carlota_bici11.png in Resources */ = {isa = PBXBuildFile; fileRef = 4A6235B01BFD1075008DAFEE /* 01_Carlota_bici11.png */; };
		4A6236611BFD1076008DAFEE /* 01_Carlota_bici12.png in Resources */ = {isa = PBXBuildFile; fileRef = 4A6235B11BFD1075008DAFEE /* 01_Carlota_bici12.png */; };
		4A6236621BFD1076008DAFEE /* 01_Carlota_bici13.png in Resources */ = {isa = PBXBuildFile; fileRef = 4A6235B21BFD1075008DAFEE /* 01_Carlota_bici13.png */; };
		4A6236631BFD1076008DAFEE /* 01_Carlota_bici14.png in Resources */ = {isa = PBXBuildFile; fileRef = 4A6235B31BFD1075008DAFEE /* 01_Carlota_bici14.png */; };
		4A6236641BFD1076008DAFEE /* 01_Carlota_Estatica.png in Resources */ = {isa = PBXBuildFile; fileRef = 4A6235B41BFD1075008DAFEE /* 01_Carlota_Estatica.png */; };
		4A6236651BFD1076008DAFEE /* 01_Carlota_Ulls_01.png in Resources */ = {isa = PBXBuildFile; fileRef = 4A6235B51BFD1075008DAFEE /* 01_Carlota_Ulls_01.png */; };
		4A6236661BFD1076008DAFEE /* 01_Carlota_xerrant_01.png in Resources */ = {isa = PBXBuildFile; fileRef = 4A6235B61BFD1075008DAFEE /* 01_Carlota_xerrant_01.png */; };
		4A6236671BFD1076008DAFEE /* 01_Carlota_xerrant_02.png in Resources */ = {isa = PBXBuildFile; fileRef = 4A6235B71BFD1075008DAFEE /* 01_Carlota_xerrant_02.png */; };
		4A6236681BFD1076008DAFEE /* 02_linux_camina.png in Resources */ = {isa = PBXBuildFile; fileRef = 4A6235B91BFD1075008DAFEE /* 02_linux_camina.png */; };
		4A6236691BFD1076008DAFEE /* 02_linux_estatic.png in Resources */ = {isa = PBXBuildFile; fileRef = 4A6235BA1BFD1075008DAFEE /* 02_linux_estatic.png */; };
		4A62366A1BFD1076008DAFEE /* 02_linux_estatic2.png in Resources */ = {isa = PBXBuildFile; fileRef = 4A6235BB1BFD1075008DAFEE /* 02_linux_estatic2.png */; };
		4A62366B1BFD1076008DAFEE /* 02_linux_parla.png in Resources */ = {isa = PBXBuildFile; fileRef = 4A6235BC1BFD1075008DAFEE /* 02_linux_parla.png */; };
		4A62366C1BFD1076008DAFEE /* 01_ocell_empren_vol.png in Resources */ = {isa = PBXBuildFile; fileRef = 4A6235BF1BFD1075008DAFEE /* 01_ocell_empren_vol.png */; };
		4A62366D1BFD1076008DAFEE /* 01_ocell_estatic.png in Resources */ = {isa = PBXBuildFile; fileRef = 4A6235C01BFD1075008DAFEE /* 01_ocell_estatic.png */; };
		4A62366E1BFD1076008DAFEE /* 01_ocell_vola1.png in Resources */ = {isa = PBXBuildFile; fileRef = 4A6235C11BFD1075008DAFEE /* 01_ocell_vola1.png */; };
		4A62366F1BFD1076008DAFEE /* 01_ocell_vola2.png in Resources */ = {isa = PBXBuildFile; fileRef = 4A6235C21BFD1075008DAFEE /* 01_ocell_vola2.png */; };
		4A6236701BFD1076008DAFEE /* 01_planta groga1.png in Resources */ = {isa = PBXBuildFile; fileRef = 4A6235C41BFD1075008DAFEE /* 01_planta groga1.png */; };
		4A6236711BFD1076008DAFEE /* 01_planta groga2.png in Resources */ = {isa = PBXBuildFile; fileRef = 4A6235C51BFD1075008DAFEE /* 01_planta groga2.png */; };
		4A6236721BFD1076008DAFEE /* 01_planta Verda.psd in Resources */ = {isa = PBXBuildFile; fileRef = 4A6235C61BFD1075008DAFEE /* 01_planta Verda.psd */; };
		4A6236731BFD1076008DAFEE /* 01_planta Verda1.png in Resources */ = {isa = PBXBuildFile; fileRef = 4A6235C71BFD1075008DAFEE /* 01_planta Verda1.png */; };
		4A6236741BFD1076008DAFEE /* 01_planta Verda2.png in Resources */ = {isa = PBXBuildFile; fileRef = 4A6235C81BFD1075008DAFEE /* 01_planta Verda2.png */; };
		4A6236751BFD1076008DAFEE /* 01_plantes liles1.png in Resources */ = {isa = PBXBuildFile; fileRef = 4A6235C91BFD1075008DAFEE /* 01_plantes liles1.png */; };
		4A6236761BFD1076008DAFEE /* 01_plantes liles2.png in Resources */ = {isa = PBXBuildFile; fileRef = 4A6235CA1BFD1075008DAFEE /* 01_plantes liles2.png */; };
		4A6236771BFD1076008DAFEE /* 01_tiet_CAP_decara_parlant1.png in Resources */ = {isa = PBXBuildFile; fileRef = 4A6235CC1BFD1075008DAFEE /* 01_tiet_CAP_decara_parlant1.png */; };
		4A6236781BFD1076008DAFEE /* 01_tiet_CAP_decara_parlant2.png in Resources */ = {isa = PBXBuildFile; fileRef = 4A6235CD1BFD1075008DAFEE /* 01_tiet_CAP_decara_parlant2.png */; };
		4A6236791BFD1076008DAFEE /* 01_tiet_CAP_decara_ullstancats.png in Resources */ = {isa = PBXBuildFile; fileRef = 4A6235CE1BFD1075008DAFEE /* 01_tiet_CAP_decara_ullstancats.png */; };
		4A62367A1BFD1076008DAFEE /* 01_tiet_CAP_estatic.png in Resources */ = {isa = PBXBuildFile; fileRef = 4A6235CF1BFD1075008DAFEE /* 01_tiet_CAP_estatic.png */; };
		4A62367B1BFD1076008DAFEE /* 01_tiet_CAP_parlant1.png in Resources */ = {isa = PBXBuildFile; fileRef = 4A6235D01BFD1075008DAFEE /* 01_tiet_CAP_parlant1.png */; };
		4A62367C1BFD1076008DAFEE /* 01_tiet_CAP_ullstancats.png in Resources */ = {isa = PBXBuildFile; fileRef = 4A6235D11BFD1075008DAFEE /* 01_tiet_CAP_ullstancats.png */; };
		4A62367D1BFD1076008DAFEE /* 01_tiet_copet_destral1.png in Resources */ = {isa = PBXBuildFile; fileRef = 4A6235D21BFD1075008DAFEE /* 01_tiet_copet_destral1.png */; };
		4A62367E1BFD1076008DAFEE /* 01_tiet_estatic.png in Resources */ = {isa = PBXBuildFile; fileRef = 4A6235D31BFD1075008DAFEE /* 01_tiet_estatic.png */; };
		4A62367F1BFD1076008DAFEE /* 01_tiet_Partint_tronc1.png in Resources */ = {isa = PBXBuildFile; fileRef = 4A6235D41BFD1075008DAFEE /* 01_tiet_Partint_tronc1.png */; };
		4A6236801BFD1076008DAFEE /* 01_tiet_Partint_tronc2.png in Resources */ = {isa = PBXBuildFile; fileRef = 4A6235D51BFD1075008DAFEE /* 01_tiet_Partint_tronc2.png */; };
		4A6236811BFD1076008DAFEE /* 01_tiet_Partint_tronc3.png in Resources */ = {isa = PBXBuildFile; fileRef = 4A6235D61BFD1075008DAFEE /* 01_tiet_Partint_tronc3.png */; };
		4A6236821BFD1076008DAFEE /* 01_tieta_cap_estatica.png in Resources */ = {isa = PBXBuildFile; fileRef = 4A6235D81BFD1075008DAFEE /* 01_tieta_cap_estatica.png */; };
		4A6236831BFD1076008DAFEE /* 01_tieta_cap_parlantcanto_01.png in Resources */ = {isa = PBXBuildFile; fileRef = 4A6235D91BFD1075008DAFEE /* 01_tieta_cap_parlantcanto_01.png */; };
		4A6236841BFD1076008DAFEE /* 01_tieta_cap_parlantcanto_02.png in Resources */ = {isa = PBXBuildFile; fileRef = 4A6235DA1BFD1075008DAFEE /* 01_tieta_cap_parlantcanto_02.png */; };
		4A6236851BFD1076008DAFEE /* 01_tieta_cap_parlantcara_01.png in Resources */ = {isa = PBXBuildFile; fileRef = 4A6235DB1BFD1075008DAFEE /* 01_tieta_cap_parlantcara_01.png */; };
		4A6236861BFD1076008DAFEE /* 01_tieta_cap_parlantcara_02.png in Resources */ = {isa = PBXBuildFile; fileRef = 4A6235DC1BFD1075008DAFEE /* 01_tieta_cap_parlantcara_02.png */; };
		4A6236871BFD1076008DAFEE /* 01_tieta_cap_ullcanto_01.png in Resources */ = {isa = PBXBuildFile; fileRef = 4A6235DD1BFD1075008DAFEE /* 01_tieta_cap_ullcanto_01.png */; };
		4A6236881BFD1076008DAFEE /* 01_tieta_cap_ullcanto_02.png in Resources */ = {isa = PBXBuildFile; fileRef = 4A6235DE1BFD1075008DAFEE /* 01_tieta_cap_ullcanto_02.png */; };
		4A6236891BFD1076008DAFEE /* 01_tieta_cap_Ullscara_01.png in Resources */ = {isa = PBXBuildFile; fileRef = 4A6235DF1BFD1075008DAFEE /* 01_tieta_cap_Ullscara_01.png */; };
		4A62368A1BFD1076008DAFEE /* 01_tieta_cap_Ullscara_02.png in Resources */ = {isa = PBXBuildFile; fileRef = 4A6235E01BFD1075008DAFEE /* 01_tieta_cap_Ullscara_02.png */; };
		4A62368B1BFD1076008DAFEE /* 01_tieta_estatica.png in Resources */ = {isa = PBXBuildFile; fileRef = 4A6235E11BFD1075008DAFEE /* 01_tieta_estatica.png */; };
		4A62368C1BFD1076008DAFEE /* 01_tieta_Regant_01.png in Resources */ = {isa = PBXBuildFile; fileRef = 4A6235E21BFD1075008DAFEE /* 01_tieta_Regant_01.png */; };
		4A62368D1BFD1076008DAFEE /* 01_tieta_Regant_02.png in Resources */ = {isa = PBXBuildFile; fileRef = 4A6235E31BFD1075008DAFEE /* 01_tieta_Regant_02.png */; };
		4A62368E1BFD1076008DAFEE /* 01 - Carret.png in Resources */ = {isa = PBXBuildFile; fileRef = 4A6235E51BFD1075008DAFEE /* 01 - Carret.png */; };
		4A62368F1BFD1076008DAFEE /* 01_merli_estatic.png in Resources */ = {isa = PBXBuildFile; fileRef = 4A6235E71BFD1075008DAFEE /* 01_merli_estatic.png */; };
		4A6236901BFD1076008DAFEE /* 01_merli_estatic_cargolat.png in Resources */ = {isa = PBXBuildFile; fileRef = 4A6235E81BFD1075008DAFEE /* 01_merli_estatic_cargolat.png */; };
		4A6236911BFD1076008DAFEE /* 01_merli_estatic_cargolat_parlant1.png in Resources */ = {isa = PBXBuildFile; fileRef = 4A6235E91BFD1075008DAFEE /* 01_merli_estatic_cargolat_parlant1.png */; };
		4A6236921BFD1076008DAFEE /* 01_merli_parlant1.png in Resources */ = {isa = PBXBuildFile; fileRef = 4A6235EA1BFD1075008DAFEE /* 01_merli_parlant1.png */; };
		4A6236931BFD1076008DAFEE /* 01_ullmerli1.png in Resources */ = {isa = PBXBuildFile; fileRef = 4A6235EB1BFD1075008DAFEE /* 01_ullmerli1.png */; };
		4A6236941BFD1076008DAFEE /* 01_ullmerli2.png in Resources */ = {isa = PBXBuildFile; fileRef = 4A6235EC1BFD1075008DAFEE /* 01_ullmerli2.png */; };
		4A6236951BFD1076008DAFEE /* 01_ullmerli3.png in Resources */ = {isa = PBXBuildFile; fileRef = 4A6235ED1BFD1075008DAFEE /* 01_ullmerli3.png */; };
		4A6236961BFD1076008DAFEE /* 01_ullmerli_cargolat1.png in Resources */ = {isa = PBXBuildFile; fileRef = 4A6235EE1BFD1075008DAFEE /* 01_ullmerli_cargolat1.png */; };
		4A6236971BFD1076008DAFEE /* 01_ullmerli_cargolat2.png in Resources */ = {isa = PBXBuildFile; fileRef = 4A6235EF1BFD1075008DAFEE /* 01_ullmerli_cargolat2.png */; };
		4A6236981BFD1076008DAFEE /* 01_Sargantana1.png in Resources */ = {isa = PBXBuildFile; fileRef = 4A6235F11BFD1075008DAFEE /* 01_Sargantana1.png */; };
		4A6236991BFD1076008DAFEE /* 01_Sargantana2.png in Resources */ = {isa = PBXBuildFile; fileRef = 4A6235F21BFD1075008DAFEE /* 01_Sargantana2.png */; };
		4A62369A1BFD1076008DAFEE /* 01_Sargantana_cua.png in Resources */ = {isa = PBXBuildFile; fileRef = 4A6235F31BFD1075008DAFEE /* 01_Sargantana_cua.png */; };
		4A62369B1BFD1076008DAFEE /* 01_Sargantana_escuada1.png in Resources */ = {isa = PBXBuildFile; fileRef = 4A6235F41BFD1075008DAFEE /* 01_Sargantana_escuada1.png */; };
		4A62369C1BFD1076008DAFEE /* 01_Sargantana_escuada2.png in Resources */ = {isa = PBXBuildFile; fileRef = 4A6235F51BFD1075008DAFEE /* 01_Sargantana_escuada2.png */; };
		4A62369D1BFD1076008DAFEE /* 01-Granja-RET.jpg in Resources */ = {isa = PBXBuildFile; fileRef = 4A6235F61BFD1075008DAFEE /* 01-Granja-RET.jpg */; };
		4A62369E1BFD1076008DAFEE /* 01_Arbres1.png in Resources */ = {isa = PBXBuildFile; fileRef = 4A6235F71BFD1075008DAFEE /* 01_Arbres1.png */; };
		4A62369F1BFD1076008DAFEE /* 04 - Hort - Pou - RET.png in Resources */ = {isa = PBXBuildFile; fileRef = 4A6235F91BFD1075008DAFEE /* 04 - Hort - Pou - RET.png */; };
		4A6236A01BFD1076008DAFEE /* 04 - Hort - RET.jpg in Resources */ = {isa = PBXBuildFile; fileRef = 4A6235FA1BFD1075008DAFEE /* 04 - Hort - RET.jpg */; };
		4A6236A11BFD1076008DAFEE /* 04 - Hortalises.png in Resources */ = {isa = PBXBuildFile; fileRef = 4A6235FB1BFD1075008DAFEE /* 04 - Hortalises.png */; };
		4A6236A21BFD1076008DAFEE /* 04_arbre1_1.png in Resources */ = {isa = PBXBuildFile; fileRef = 4A6235FC1BFD1075008DAFEE /* 04_arbre1_1.png */; };
		4A6236A31BFD1076008DAFEE /* 04_arbre1_2.png in Resources */ = {isa = PBXBuildFile; fileRef = 4A6235FD1BFD1075008DAFEE /* 04_arbre1_2.png */; };
		4A6236A41BFD1076008DAFEE /* 04_arbre2_1.png in Resources */ = {isa = PBXBuildFile; fileRef = 4A6235FE1BFD1075008DAFEE /* 04_arbre2_1.png */; };
		4A6236A51BFD1076008DAFEE /* 04_arbre2_2.png in Resources */ = {isa = PBXBuildFile; fileRef = 4A6235FF1BFD1075008DAFEE /* 04_arbre2_2.png */; };
		4A6236A61BFD1076008DAFEE /* 04_cargol1.png in Resources */ = {isa = PBXBuildFile; fileRef = 4A6236001BFD1075008DAFEE /* 04_cargol1.png */; };
		4A6236A71BFD1076008DAFEE /* 04_cargol1closca.png in Resources */ = {isa = PBXBuildFile; fileRef = 4A6236011BFD1075008DAFEE /* 04_cargol1closca.png */; };
		4A6236A81BFD1076008DAFEE /* 04_cargol2.png in Resources */ = {isa = PBXBuildFile; fileRef = 4A6236021BFD1075008DAFEE /* 04_cargol2.png */; };
		4A6236A91BFD1076008DAFEE /* 04_cargol2closca.png in Resources */ = {isa = PBXBuildFile; fileRef = 4A6236031BFD1075008DAFEE /* 04_cargol2closca.png */; };
		4A6236AA1BFD1076008DAFEE /* 04_cargol3.png in Resources */ = {isa = PBXBuildFile; fileRef = 4A6236041BFD1075008DAFEE /* 04_cargol3.png */; };
		4A6236AB1BFD1076008DAFEE /* 04_cargol3closca.png in Resources */ = {isa = PBXBuildFile; fileRef = 4A6236051BFD1075008DAFEE /* 04_cargol3closca.png */; };
		4A6236AC1BFD1076008DAFEE /* 04_escarabatcervol1.png in Resources */ = {isa = PBXBuildFile; fileRef = 4A6236061BFD1075008DAFEE /* 04_escarabatcervol1.png */; };
		4A6236AD1BFD1076008DAFEE /* 04_escarabatcervol2.png in Resources */ = {isa = PBXBuildFile; fileRef = 4A6236071BFD1075008DAFEE /* 04_escarabatcervol2.png */; };
		4A6236AE1BFD1076008DAFEE /* 04_escarabatcervol3.png in Resources */ = {isa = PBXBuildFile; fileRef = 4A6236081BFD1075008DAFEE /* 04_escarabatcervol3.png */; };
		4A6236AF1BFD1076008DAFEE /* 04_escarabatvermell1.png in Resources */ = {isa = PBXBuildFile; fileRef = 4A6236091BFD1075008DAFEE /* 04_escarabatvermell1.png */; };
		4A6236B01BFD1076008DAFEE /* 04_escarabatvermell2.png in Resources */ = {isa = PBXBuildFile; fileRef = 4A62360A1BFD1075008DAFEE /* 04_escarabatvermell2.png */; };
		4A6236B11BFD1076008DAFEE /* 04_escarabatvioleta1.png in Resources */ = {isa = PBXBuildFile; fileRef = 4A62360B1BFD1075008DAFEE /* 04_escarabatvioleta1.png */; };
		4A6236B21BFD1076008DAFEE /* 04_escarabatvioleta2.png in Resources */ = {isa = PBXBuildFile; fileRef = 4A62360C1BFD1075008DAFEE /* 04_escarabatvioleta2.png */; };
		4A6236B31BFD1076008DAFEE /* 04_llorer1_1.png in Resources */ = {isa = PBXBuildFile; fileRef = 4A62360D1BFD1075008DAFEE /* 04_llorer1_1.png */; };
		4A6236B41BFD1076008DAFEE /* 04_llorer1_2.png in Resources */ = {isa = PBXBuildFile; fileRef = 4A62360E1BFD1075008DAFEE /* 04_llorer1_2.png */; };
		4A6236B51BFD1076008DAFEE /* 04_marieta1.png in Resources */ = {isa = PBXBuildFile; fileRef = 4A62360F1BFD1075008DAFEE /* 04_marieta1.png */; };
		4A6236B61BFD1076008DAFEE /* 04_marieta2.png in Resources */ = {isa = PBXBuildFile; fileRef = 4A6236101BFD1075008DAFEE /* 04_marieta2.png */; };
		4A6236B71BFD1076008DAFEE /* 04_papallona1_1.png in Resources */ = {isa = PBXBuildFile; fileRef = 4A6236111BFD1075008DAFEE /* 04_papallona1_1.png */; };
		4A6236B81BFD1076008DAFEE /* 04_papallona1_2.png in Resources */ = {isa = PBXBuildFile; fileRef = 4A6236121BFD1075008DAFEE /* 04_papallona1_2.png */; };
		4A6236B91BFD1076008DAFEE /* 04_papallona2_1.png in Resources */ = {isa = PBXBuildFile; fileRef = 4A6236131BFD1075008DAFEE /* 04_papallona2_1.png */; };
		4A6236BA1BFD1076008DAFEE /* 04_papallona2_2.png in Resources */ = {isa = PBXBuildFile; fileRef = 4A6236141BFD1075008DAFEE /* 04_papallona2_2.png */; };
		4A6236BB1BFD1076008DAFEE /* 04_papallona3_1.png in Resources */ = {isa = PBXBuildFile; fileRef = 4A6236151BFD1075008DAFEE /* 04_papallona3_1.png */; };
		4A6236BC1BFD1076008DAFEE /* 04_papallona3_2.png in Resources */ = {isa = PBXBuildFile; fileRef = 4A6236161BFD1075008DAFEE /* 04_papallona3_2.png */; };
		4A6236BD1BFD1076008DAFEE /* Pantalla 01.mov in Resources */ = {isa = PBXBuildFile; fileRef = 4A6236171BFD1075008DAFEE /* Pantalla 01.mov */; };
		4A6236BE1BFD1076008DAFEE /* B_ID_10_ca.mp3 in Resources */ = {isa = PBXBuildFile; fileRef = 4A62361B1BFD1076008DAFEE /* B_ID_10_ca.mp3 */; };
		4A6236BF1BFD1076008DAFEE /* B_ID_10_sp.mp3 in Resources */ = {isa = PBXBuildFile; fileRef = 4A62361C1BFD1076008DAFEE /* B_ID_10_sp.mp3 */; };
		4A6236C01BFD1076008DAFEE /* B_ID_11_ca.mp3 in Resources */ = {isa = PBXBuildFile; fileRef = 4A62361D1BFD1076008DAFEE /* B_ID_11_ca.mp3 */; };
		4A6236C11BFD1076008DAFEE /* B_ID_11_sp.mp3 in Resources */ = {isa = PBXBuildFile; fileRef = 4A62361E1BFD1076008DAFEE /* B_ID_11_sp.mp3 */; };
		4A6236C21BFD1076008DAFEE /* B_ID_12_ca.mp3 in Resources */ = {isa = PBXBuildFile; fileRef = 4A62361F1BFD1076008DAFEE /* B_ID_12_ca.mp3 */; };
		4A6236C31BFD1076008DAFEE /* B_ID_12_sp.mp3 in Resources */ = {isa = PBXBuildFile; fileRef = 4A6236201BFD1076008DAFEE /* B_ID_12_sp.mp3 */; };
		4A6236C41BFD1076008DAFEE /* B_ID_1_ca.mp3 in Resources */ = {isa = PBXBuildFile; fileRef = 4A6236211BFD1076008DAFEE /* B_ID_1_ca.mp3 */; };
		4A6236C51BFD1076008DAFEE /* B_ID_1_sp.mp3 in Resources */ = {isa = PBXBuildFile; fileRef = 4A6236221BFD1076008DAFEE /* B_ID_1_sp.mp3 */; };
		4A6236C61BFD1076008DAFEE /* B_ID_2_ca.mp3 in Resources */ = {isa = PBXBuildFile; fileRef = 4A6236231BFD1076008DAFEE /* B_ID_2_ca.mp3 */; };
		4A6236C71BFD1076008DAFEE /* B_ID_2_sp.mp3 in Resources */ = {isa = PBXBuildFile; fileRef = 4A6236241BFD1076008DAFEE /* B_ID_2_sp.mp3 */; };
		4A6236C81BFD1076008DAFEE /* B_ID_3_ca.mp3 in Resources */ = {isa = PBXBuildFile; fileRef = 4A6236251BFD1076008DAFEE /* B_ID_3_ca.mp3 */; };
		4A6236C91BFD1076008DAFEE /* B_ID_3_sp.mp3 in Resources */ = {isa = PBXBuildFile; fileRef = 4A6236261BFD1076008DAFEE /* B_ID_3_sp.mp3 */; };
		4A6236CA1BFD1076008DAFEE /* B_ID_4_ca.mp3 in Resources */ = {isa = PBXBuildFile; fileRef = 4A6236271BFD1076008DAFEE /* B_ID_4_ca.mp3 */; };
		4A6236CB1BFD1076008DAFEE /* B_ID_4_sp.mp3 in Resources */ = {isa = PBXBuildFile; fileRef = 4A6236281BFD1076008DAFEE /* B_ID_4_sp.mp3 */; };
		4A6236CC1BFD1076008DAFEE /* B_ID_5_ca.mp3 in Resources */ = {isa = PBXBuildFile; fileRef = 4A6236291BFD1076008DAFEE /* B_ID_5_ca.mp3 */; };
		4A6236CD1BFD1076008DAFEE /* B_ID_5_sp.mp3 in Resources */ = {isa = PBXBuildFile; fileRef = 4A62362A1BFD1076008DAFEE /* B_ID_5_sp.mp3 */; };
		4A6236CE1BFD1076008DAFEE /* B_ID_6_ca.mp3 in Resources */ = {isa = PBXBuildFile; fileRef = 4A62362B1BFD1076008DAFEE /* B_ID_6_ca.mp3 */; };
		4A6236CF1BFD1076008DAFEE /* B_ID_6_sp.mp3 in Resources */ = {isa = PBXBuildFile; fileRef = 4A62362C1BFD1076008DAFEE /* B_ID_6_sp.mp3 */; };
		4A6236D01BFD1076008DAFEE /* B_ID_7_ca.mp3 in Resources */ = {isa = PBXBuildFile; fileRef = 4A62362D1BFD1076008DAFEE /* B_ID_7_ca.mp3 */; };
		4A6236D11BFD1076008DAFEE /* B_ID_7_sp.mp3 in Resources */ = {isa = PBXBuildFile; fileRef = 4A62362E1BFD1076008DAFEE /* B_ID_7_sp.mp3 */; };
		4A6236D21BFD1076008DAFEE /* B_ID_8_ca.mp3 in Resources */ = {isa = PBXBuildFile; fileRef = 4A62362F1BFD1076008DAFEE /* B_ID_8_ca.mp3 */; };
		4A6236D31BFD1076008DAFEE /* B_ID_8_sp.mp3 in Resources */ = {isa = PBXBuildFile; fileRef = 4A6236301BFD1076008DAFEE /* B_ID_8_sp.mp3 */; };
		4A6236D41BFD1076008DAFEE /* B_ID_9_ca.mp3 in Resources */ = {isa = PBXBuildFile; fileRef = 4A6236311BFD1076008DAFEE /* B_ID_9_ca.mp3 */; };
		4A6236D51BFD1076008DAFEE /* B_ID_9_sp.mp3 in Resources */ = {isa = PBXBuildFile; fileRef = 4A6236321BFD1076008DAFEE /* B_ID_9_sp.mp3 */; };
		4A6236D61BFD1076008DAFEE /* narrador01_fast_ca.mp3 in Resources */ = {isa = PBXBuildFile; fileRef = 4A6236341BFD1076008DAFEE /* narrador01_fast_ca.mp3 */; };
		4A6236D71BFD1076008DAFEE /* narrador01_fast_sp.mp3 in Resources */ = {isa = PBXBuildFile; fileRef = 4A6236351BFD1076008DAFEE /* narrador01_fast_sp.mp3 */; };
		4A6236D81BFD1076008DAFEE /* narrador01_slow_ca.mp3 in Resources */ = {isa = PBXBuildFile; fileRef = 4A6236361BFD1076008DAFEE /* narrador01_slow_ca.mp3 */; };
		4A6236D91BFD1076008DAFEE /* narrador01_slow_sp.mp3 in Resources */ = {isa = PBXBuildFile; fileRef = 4A6236371BFD1076008DAFEE /* narrador01_slow_sp.mp3 */; };
		4A6236DA1BFD1076008DAFEE /* B_ID_34_ca.mp3 in Resources */ = {isa = PBXBuildFile; fileRef = 4A62363A1BFD1076008DAFEE /* B_ID_34_ca.mp3 */; };
		4A6236DB1BFD1076008DAFEE /* B_ID_35_ca.mp3 in Resources */ = {isa = PBXBuildFile; fileRef = 4A62363B1BFD1076008DAFEE /* B_ID_35_ca.mp3 */; };
		4A6236DC1BFD1076008DAFEE /* B_ID_36_ca.mp3 in Resources */ = {isa = PBXBuildFile; fileRef = 4A62363C1BFD1076008DAFEE /* B_ID_36_ca.mp3 */; };
		4A6236DD1BFD1076008DAFEE /* B_ID_37_ca.mp3 in Resources */ = {isa = PBXBuildFile; fileRef = 4A62363D1BFD1076008DAFEE /* B_ID_37_ca.mp3 */; };
		4A6236DE1BFD1076008DAFEE /* B_ID_38_ca.mp3 in Resources */ = {isa = PBXBuildFile; fileRef = 4A62363E1BFD1076008DAFEE /* B_ID_38_ca.mp3 */; };
		4A6236DF1BFD1076008DAFEE /* B_ID_39_ca.mp3 in Resources */ = {isa = PBXBuildFile; fileRef = 4A62363F1BFD1076008DAFEE /* B_ID_39_ca.mp3 */; };
		4A6236E01BFD1076008DAFEE /* BG04.07_hort.mp3 in Resources */ = {isa = PBXBuildFile; fileRef = 4A6236411BFD1076008DAFEE /* BG04.07_hort.mp3 */; };
		4A6236E11BFD1076008DAFEE /* BG04.07_hort_comodi.mp3 in Resources */ = {isa = PBXBuildFile; fileRef = 4A6236421BFD1076008DAFEE /* BG04.07_hort_comodi.mp3 */; };
		4A6236E21BFD1076008DAFEE /* narrador04_fast_ca.mp3 in Resources */ = {isa = PBXBuildFile; fileRef = 4A6236441BFD1076008DAFEE /* narrador04_fast_ca.mp3 */; };
		4A6236E31BFD1076008DAFEE /* narrador04_slow_ca.mp3 in Resources */ = {isa = PBXBuildFile; fileRef = 4A6236451BFD1076008DAFEE /* narrador04_slow_ca.mp3 */; };
		4A6236E41BFD1076008DAFEE /* ambientpag2_1.mp3 in Resources */ = {isa = PBXBuildFile; fileRef = 4A6236461BFD1076008DAFEE /* ambientpag2_1.mp3 */; };
		4A6236E51BFD1076008DAFEE /* copfusta_tiet.mp3 in Resources */ = {isa = PBXBuildFile; fileRef = 4A6236471BFD1076008DAFEE /* copfusta_tiet.mp3 */; };
		4A6236E61BFD1076008DAFEE /* copfusta_tiet2.mp3 in Resources */ = {isa = PBXBuildFile; fileRef = 4A6236481BFD1076008DAFEE /* copfusta_tiet2.mp3 */; };
		4A6236E71BFD1076008DAFEE /* Localizable 2.strings in Resources */ = {isa = PBXBuildFile; fileRef = 4A6236491BFD1076008DAFEE /* Localizable 2.strings */; };
		4A6236E81BFD1076008DAFEE /* Localizable.strings in Resources */ = {isa = PBXBuildFile; fileRef = 4A62364A1BFD1076008DAFEE /* Localizable.strings */; };
		4A6236E91BFD1076008DAFEE /* vol_ocell.mp3 in Resources */ = {isa = PBXBuildFile; fileRef = 4A62364B1BFD1076008DAFEE /* vol_ocell.mp3 */; };
		4A6236EC1BFD14DC008DAFEE /* SoundManager.m in Sources */ = {isa = PBXBuildFile; fileRef = 4A6236EB1BFD14DC008DAFEE /* SoundManager.m */; };
/* End PBXBuildFile section */

/* Begin PBXContainerItemProxy section */
		4A6234291BFD0F8D008DAFEE /* PBXContainerItemProxy */ = {
			isa = PBXContainerItemProxy;
			containerPortal = 4A6234071BFD0F8C008DAFEE /* Project object */;
			proxyType = 1;
			remoteGlobalIDString = 4A62340E1BFD0F8C008DAFEE;
			remoteInfo = LibroDeNoa;
		};
		4A6234341BFD0F8D008DAFEE /* PBXContainerItemProxy */ = {
			isa = PBXContainerItemProxy;
			containerPortal = 4A6234071BFD0F8C008DAFEE /* Project object */;
			proxyType = 1;
			remoteGlobalIDString = 4A62340E1BFD0F8C008DAFEE;
			remoteInfo = LibroDeNoa;
		};
/* End PBXContainerItemProxy section */

/* Begin PBXFileReference section */
		4A62340F1BFD0F8C008DAFEE /* LibroDeNoa.app */ = {isa = PBXFileReference; explicitFileType = wrapper.application; includeInIndex = 0; path = LibroDeNoa.app; sourceTree = BUILT_PRODUCTS_DIR; };
		4A6234131BFD0F8C008DAFEE /* main.m */ = {isa = PBXFileReference; lastKnownFileType = sourcecode.c.objc; path = main.m; sourceTree = "<group>"; };
		4A6234151BFD0F8C008DAFEE /* AppDelegate.h */ = {isa = PBXFileReference; lastKnownFileType = sourcecode.c.h; path = AppDelegate.h; sourceTree = "<group>"; };
		4A6234161BFD0F8C008DAFEE /* AppDelegate.m */ = {isa = PBXFileReference; lastKnownFileType = sourcecode.c.objc; path = AppDelegate.m; sourceTree = "<group>"; };
		4A6234181BFD0F8C008DAFEE /* ViewController.h */ = {isa = PBXFileReference; lastKnownFileType = sourcecode.c.h; path = ViewController.h; sourceTree = "<group>"; };
		4A6234191BFD0F8C008DAFEE /* ViewController.m */ = {isa = PBXFileReference; lastKnownFileType = sourcecode.c.objc; path = ViewController.m; sourceTree = "<group>"; };
		4A62341C1BFD0F8C008DAFEE /* Base */ = {isa = PBXFileReference; lastKnownFileType = file.storyboard; name = Base; path = Base.lproj/Main.storyboard; sourceTree = "<group>"; };
		4A62341E1BFD0F8C008DAFEE /* Assets.xcassets */ = {isa = PBXFileReference; lastKnownFileType = folder.assetcatalog; path = Assets.xcassets; sourceTree = "<group>"; };
		4A6234211BFD0F8C008DAFEE /* Base */ = {isa = PBXFileReference; lastKnownFileType = file.storyboard; name = Base; path = Base.lproj/LaunchScreen.storyboard; sourceTree = "<group>"; };
		4A6234231BFD0F8C008DAFEE /* Info.plist */ = {isa = PBXFileReference; lastKnownFileType = text.plist.xml; path = Info.plist; sourceTree = "<group>"; };
		4A6234281BFD0F8D008DAFEE /* LibroDeNoaTests.xctest */ = {isa = PBXFileReference; explicitFileType = wrapper.cfbundle; includeInIndex = 0; path = LibroDeNoaTests.xctest; sourceTree = BUILT_PRODUCTS_DIR; };
		4A62342C1BFD0F8D008DAFEE /* LibroDeNoaTests.m */ = {isa = PBXFileReference; lastKnownFileType = sourcecode.c.objc; path = LibroDeNoaTests.m; sourceTree = "<group>"; };
		4A62342E1BFD0F8D008DAFEE /* Info.plist */ = {isa = PBXFileReference; lastKnownFileType = text.plist.xml; path = Info.plist; sourceTree = "<group>"; };
		4A6234331BFD0F8D008DAFEE /* LibroDeNoaUITests.xctest */ = {isa = PBXFileReference; explicitFileType = wrapper.cfbundle; includeInIndex = 0; path = LibroDeNoaUITests.xctest; sourceTree = BUILT_PRODUCTS_DIR; };
		4A6234371BFD0F8D008DAFEE /* LibroDeNoaUITests.m */ = {isa = PBXFileReference; lastKnownFileType = sourcecode.c.objc; path = LibroDeNoaUITests.m; sourceTree = "<group>"; };
		4A6234391BFD0F8D008DAFEE /* Info.plist */ = {isa = PBXFileReference; lastKnownFileType = text.plist.xml; path = Info.plist; sourceTree = "<group>"; };
		4A6235981BFD1075008DAFEE /* Stanberry.ttf */ = {isa = PBXFileReference; lastKnownFileType = file; path = Stanberry.ttf; sourceTree = "<group>"; };
		4A62359C1BFD1075008DAFEE /* bafarada01.png */ = {isa = PBXFileReference; lastKnownFileType = image.png; path = bafarada01.png; sourceTree = "<group>"; };
		4A62359D1BFD1075008DAFEE /* bafarada02.png */ = {isa = PBXFileReference; lastKnownFileType = image.png; path = bafarada02.png; sourceTree = "<group>"; };
		4A62359E1BFD1075008DAFEE /* bafarada03.png */ = {isa = PBXFileReference; lastKnownFileType = image.png; path = bafarada03.png; sourceTree = "<group>"; };
		4A62359F1BFD1075008DAFEE /* bafarada05.png */ = {isa = PBXFileReference; lastKnownFileType = image.png; path = bafarada05.png; sourceTree = "<group>"; };
		4A6235A01BFD1075008DAFEE /* bafarada06.png */ = {isa = PBXFileReference; lastKnownFileType = image.png; path = bafarada06.png; sourceTree = "<group>"; };
		4A6235A11BFD1075008DAFEE /* bafarada08.png */ = {isa = PBXFileReference; lastKnownFileType = image.png; path = bafarada08.png; sourceTree = "<group>"; };
		4A6235A21BFD1075008DAFEE /* bafarada09.png */ = {isa = PBXFileReference; lastKnownFileType = image.png; path = bafarada09.png; sourceTree = "<group>"; };
		4A6235A31BFD1075008DAFEE /* bafarada10.png */ = {isa = PBXFileReference; lastKnownFileType = image.png; path = bafarada10.png; sourceTree = "<group>"; };
		4A6235A41BFD1075008DAFEE /* bafarada11.png */ = {isa = PBXFileReference; lastKnownFileType = image.png; path = bafarada11.png; sourceTree = "<group>"; };
		4A6235A61BFD1075008DAFEE /* 01_Carlota_bici01.png */ = {isa = PBXFileReference; lastKnownFileType = image.png; path = 01_Carlota_bici01.png; sourceTree = "<group>"; };
		4A6235A71BFD1075008DAFEE /* 01_Carlota_bici02.png */ = {isa = PBXFileReference; lastKnownFileType = image.png; path = 01_Carlota_bici02.png; sourceTree = "<group>"; };
		4A6235A81BFD1075008DAFEE /* 01_Carlota_bici03.png */ = {isa = PBXFileReference; lastKnownFileType = image.png; path = 01_Carlota_bici03.png; sourceTree = "<group>"; };
		4A6235A91BFD1075008DAFEE /* 01_Carlota_bici04.png */ = {isa = PBXFileReference; lastKnownFileType = image.png; path = 01_Carlota_bici04.png; sourceTree = "<group>"; };
		4A6235AA1BFD1075008DAFEE /* 01_Carlota_bici05.png */ = {isa = PBXFileReference; lastKnownFileType = image.png; path = 01_Carlota_bici05.png; sourceTree = "<group>"; };
		4A6235AB1BFD1075008DAFEE /* 01_Carlota_bici06.png */ = {isa = PBXFileReference; lastKnownFileType = image.png; path = 01_Carlota_bici06.png; sourceTree = "<group>"; };
		4A6235AC1BFD1075008DAFEE /* 01_Carlota_bici07.png */ = {isa = PBXFileReference; lastKnownFileType = image.png; path = 01_Carlota_bici07.png; sourceTree = "<group>"; };
		4A6235AD1BFD1075008DAFEE /* 01_Carlota_bici08.png */ = {isa = PBXFileReference; lastKnownFileType = image.png; path = 01_Carlota_bici08.png; sourceTree = "<group>"; };
		4A6235AE1BFD1075008DAFEE /* 01_Carlota_bici09.png */ = {isa = PBXFileReference; lastKnownFileType = image.png; path = 01_Carlota_bici09.png; sourceTree = "<group>"; };
		4A6235AF1BFD1075008DAFEE /* 01_Carlota_bici10.png */ = {isa = PBXFileReference; lastKnownFileType = image.png; path = 01_Carlota_bici10.png; sourceTree = "<group>"; };
		4A6235B01BFD1075008DAFEE /* 01_Carlota_bici11.png */ = {isa = PBXFileReference; lastKnownFileType = image.png; path = 01_Carlota_bici11.png; sourceTree = "<group>"; };
		4A6235B11BFD1075008DAFEE /* 01_Carlota_bici12.png */ = {isa = PBXFileReference; lastKnownFileType = image.png; path = 01_Carlota_bici12.png; sourceTree = "<group>"; };
		4A6235B21BFD1075008DAFEE /* 01_Carlota_bici13.png */ = {isa = PBXFileReference; lastKnownFileType = image.png; path = 01_Carlota_bici13.png; sourceTree = "<group>"; };
		4A6235B31BFD1075008DAFEE /* 01_Carlota_bici14.png */ = {isa = PBXFileReference; lastKnownFileType = image.png; path = 01_Carlota_bici14.png; sourceTree = "<group>"; };
		4A6235B41BFD1075008DAFEE /* 01_Carlota_Estatica.png */ = {isa = PBXFileReference; lastKnownFileType = image.png; path = 01_Carlota_Estatica.png; sourceTree = "<group>"; };
		4A6235B51BFD1075008DAFEE /* 01_Carlota_Ulls_01.png */ = {isa = PBXFileReference; lastKnownFileType = image.png; path = 01_Carlota_Ulls_01.png; sourceTree = "<group>"; };
		4A6235B61BFD1075008DAFEE /* 01_Carlota_xerrant_01.png */ = {isa = PBXFileReference; lastKnownFileType = image.png; path = 01_Carlota_xerrant_01.png; sourceTree = "<group>"; };
		4A6235B71BFD1075008DAFEE /* 01_Carlota_xerrant_02.png */ = {isa = PBXFileReference; lastKnownFileType = image.png; path = 01_Carlota_xerrant_02.png; sourceTree = "<group>"; };
		4A6235B91BFD1075008DAFEE /* 02_linux_camina.png */ = {isa = PBXFileReference; lastKnownFileType = image.png; path = 02_linux_camina.png; sourceTree = "<group>"; };
		4A6235BA1BFD1075008DAFEE /* 02_linux_estatic.png */ = {isa = PBXFileReference; lastKnownFileType = image.png; path = 02_linux_estatic.png; sourceTree = "<group>"; };
		4A6235BB1BFD1075008DAFEE /* 02_linux_estatic2.png */ = {isa = PBXFileReference; lastKnownFileType = image.png; path = 02_linux_estatic2.png; sourceTree = "<group>"; };
		4A6235BC1BFD1075008DAFEE /* 02_linux_parla.png */ = {isa = PBXFileReference; lastKnownFileType = image.png; path = 02_linux_parla.png; sourceTree = "<group>"; };
		4A6235BF1BFD1075008DAFEE /* 01_ocell_empren_vol.png */ = {isa = PBXFileReference; lastKnownFileType = image.png; path = 01_ocell_empren_vol.png; sourceTree = "<group>"; };
		4A6235C01BFD1075008DAFEE /* 01_ocell_estatic.png */ = {isa = PBXFileReference; lastKnownFileType = image.png; path = 01_ocell_estatic.png; sourceTree = "<group>"; };
		4A6235C11BFD1075008DAFEE /* 01_ocell_vola1.png */ = {isa = PBXFileReference; lastKnownFileType = image.png; path = 01_ocell_vola1.png; sourceTree = "<group>"; };
		4A6235C21BFD1075008DAFEE /* 01_ocell_vola2.png */ = {isa = PBXFileReference; lastKnownFileType = image.png; path = 01_ocell_vola2.png; sourceTree = "<group>"; };
		4A6235C41BFD1075008DAFEE /* 01_planta groga1.png */ = {isa = PBXFileReference; lastKnownFileType = image.png; path = "01_planta groga1.png"; sourceTree = "<group>"; };
		4A6235C51BFD1075008DAFEE /* 01_planta groga2.png */ = {isa = PBXFileReference; lastKnownFileType = image.png; path = "01_planta groga2.png"; sourceTree = "<group>"; };
		4A6235C61BFD1075008DAFEE /* 01_planta Verda.psd */ = {isa = PBXFileReference; lastKnownFileType = file; path = "01_planta Verda.psd"; sourceTree = "<group>"; };
		4A6235C71BFD1075008DAFEE /* 01_planta Verda1.png */ = {isa = PBXFileReference; lastKnownFileType = image.png; path = "01_planta Verda1.png"; sourceTree = "<group>"; };
		4A6235C81BFD1075008DAFEE /* 01_planta Verda2.png */ = {isa = PBXFileReference; lastKnownFileType = image.png; path = "01_planta Verda2.png"; sourceTree = "<group>"; };
		4A6235C91BFD1075008DAFEE /* 01_plantes liles1.png */ = {isa = PBXFileReference; lastKnownFileType = image.png; path = "01_plantes liles1.png"; sourceTree = "<group>"; };
		4A6235CA1BFD1075008DAFEE /* 01_plantes liles2.png */ = {isa = PBXFileReference; lastKnownFileType = image.png; path = "01_plantes liles2.png"; sourceTree = "<group>"; };
		4A6235CC1BFD1075008DAFEE /* 01_tiet_CAP_decara_parlant1.png */ = {isa = PBXFileReference; lastKnownFileType = image.png; path = 01_tiet_CAP_decara_parlant1.png; sourceTree = "<group>"; };
		4A6235CD1BFD1075008DAFEE /* 01_tiet_CAP_decara_parlant2.png */ = {isa = PBXFileReference; lastKnownFileType = image.png; path = 01_tiet_CAP_decara_parlant2.png; sourceTree = "<group>"; };
		4A6235CE1BFD1075008DAFEE /* 01_tiet_CAP_decara_ullstancats.png */ = {isa = PBXFileReference; lastKnownFileType = image.png; path = 01_tiet_CAP_decara_ullstancats.png; sourceTree = "<group>"; };
		4A6235CF1BFD1075008DAFEE /* 01_tiet_CAP_estatic.png */ = {isa = PBXFileReference; lastKnownFileType = image.png; path = 01_tiet_CAP_estatic.png; sourceTree = "<group>"; };
		4A6235D01BFD1075008DAFEE /* 01_tiet_CAP_parlant1.png */ = {isa = PBXFileReference; lastKnownFileType = image.png; path = 01_tiet_CAP_parlant1.png; sourceTree = "<group>"; };
		4A6235D11BFD1075008DAFEE /* 01_tiet_CAP_ullstancats.png */ = {isa = PBXFileReference; lastKnownFileType = image.png; path = 01_tiet_CAP_ullstancats.png; sourceTree = "<group>"; };
		4A6235D21BFD1075008DAFEE /* 01_tiet_copet_destral1.png */ = {isa = PBXFileReference; lastKnownFileType = image.png; path = 01_tiet_copet_destral1.png; sourceTree = "<group>"; };
		4A6235D31BFD1075008DAFEE /* 01_tiet_estatic.png */ = {isa = PBXFileReference; lastKnownFileType = image.png; path = 01_tiet_estatic.png; sourceTree = "<group>"; };
		4A6235D41BFD1075008DAFEE /* 01_tiet_Partint_tronc1.png */ = {isa = PBXFileReference; lastKnownFileType = image.png; path = 01_tiet_Partint_tronc1.png; sourceTree = "<group>"; };
		4A6235D51BFD1075008DAFEE /* 01_tiet_Partint_tronc2.png */ = {isa = PBXFileReference; lastKnownFileType = image.png; path = 01_tiet_Partint_tronc2.png; sourceTree = "<group>"; };
		4A6235D61BFD1075008DAFEE /* 01_tiet_Partint_tronc3.png */ = {isa = PBXFileReference; lastKnownFileType = image.png; path = 01_tiet_Partint_tronc3.png; sourceTree = "<group>"; };
		4A6235D81BFD1075008DAFEE /* 01_tieta_cap_estatica.png */ = {isa = PBXFileReference; lastKnownFileType = image.png; path = 01_tieta_cap_estatica.png; sourceTree = "<group>"; };
		4A6235D91BFD1075008DAFEE /* 01_tieta_cap_parlantcanto_01.png */ = {isa = PBXFileReference; lastKnownFileType = image.png; path = 01_tieta_cap_parlantcanto_01.png; sourceTree = "<group>"; };
		4A6235DA1BFD1075008DAFEE /* 01_tieta_cap_parlantcanto_02.png */ = {isa = PBXFileReference; lastKnownFileType = image.png; path = 01_tieta_cap_parlantcanto_02.png; sourceTree = "<group>"; };
		4A6235DB1BFD1075008DAFEE /* 01_tieta_cap_parlantcara_01.png */ = {isa = PBXFileReference; lastKnownFileType = image.png; path = 01_tieta_cap_parlantcara_01.png; sourceTree = "<group>"; };
		4A6235DC1BFD1075008DAFEE /* 01_tieta_cap_parlantcara_02.png */ = {isa = PBXFileReference; lastKnownFileType = image.png; path = 01_tieta_cap_parlantcara_02.png; sourceTree = "<group>"; };
		4A6235DD1BFD1075008DAFEE /* 01_tieta_cap_ullcanto_01.png */ = {isa = PBXFileReference; lastKnownFileType = image.png; path = 01_tieta_cap_ullcanto_01.png; sourceTree = "<group>"; };
		4A6235DE1BFD1075008DAFEE /* 01_tieta_cap_ullcanto_02.png */ = {isa = PBXFileReference; lastKnownFileType = image.png; path = 01_tieta_cap_ullcanto_02.png; sourceTree = "<group>"; };
		4A6235DF1BFD1075008DAFEE /* 01_tieta_cap_Ullscara_01.png */ = {isa = PBXFileReference; lastKnownFileType = image.png; path = 01_tieta_cap_Ullscara_01.png; sourceTree = "<group>"; };
		4A6235E01BFD1075008DAFEE /* 01_tieta_cap_Ullscara_02.png */ = {isa = PBXFileReference; lastKnownFileType = image.png; path = 01_tieta_cap_Ullscara_02.png; sourceTree = "<group>"; };
		4A6235E11BFD1075008DAFEE /* 01_tieta_estatica.png */ = {isa = PBXFileReference; lastKnownFileType = image.png; path = 01_tieta_estatica.png; sourceTree = "<group>"; };
		4A6235E21BFD1075008DAFEE /* 01_tieta_Regant_01.png */ = {isa = PBXFileReference; lastKnownFileType = image.png; path = 01_tieta_Regant_01.png; sourceTree = "<group>"; };
		4A6235E31BFD1075008DAFEE /* 01_tieta_Regant_02.png */ = {isa = PBXFileReference; lastKnownFileType = image.png; path = 01_tieta_Regant_02.png; sourceTree = "<group>"; };
		4A6235E51BFD1075008DAFEE /* 01 - Carret.png */ = {isa = PBXFileReference; lastKnownFileType = image.png; path = "01 - Carret.png"; sourceTree = "<group>"; };
		4A6235E71BFD1075008DAFEE /* 01_merli_estatic.png */ = {isa = PBXFileReference; lastKnownFileType = image.png; path = 01_merli_estatic.png; sourceTree = "<group>"; };
		4A6235E81BFD1075008DAFEE /* 01_merli_estatic_cargolat.png */ = {isa = PBXFileReference; lastKnownFileType = image.png; path = 01_merli_estatic_cargolat.png; sourceTree = "<group>"; };
		4A6235E91BFD1075008DAFEE /* 01_merli_estatic_cargolat_parlant1.png */ = {isa = PBXFileReference; lastKnownFileType = image.png; path = 01_merli_estatic_cargolat_parlant1.png; sourceTree = "<group>"; };
		4A6235EA1BFD1075008DAFEE /* 01_merli_parlant1.png */ = {isa = PBXFileReference; lastKnownFileType = image.png; path = 01_merli_parlant1.png; sourceTree = "<group>"; };
		4A6235EB1BFD1075008DAFEE /* 01_ullmerli1.png */ = {isa = PBXFileReference; lastKnownFileType = image.png; path = 01_ullmerli1.png; sourceTree = "<group>"; };
		4A6235EC1BFD1075008DAFEE /* 01_ullmerli2.png */ = {isa = PBXFileReference; lastKnownFileType = image.png; path = 01_ullmerli2.png; sourceTree = "<group>"; };
		4A6235ED1BFD1075008DAFEE /* 01_ullmerli3.png */ = {isa = PBXFileReference; lastKnownFileType = image.png; path = 01_ullmerli3.png; sourceTree = "<group>"; };
		4A6235EE1BFD1075008DAFEE /* 01_ullmerli_cargolat1.png */ = {isa = PBXFileReference; lastKnownFileType = image.png; path = 01_ullmerli_cargolat1.png; sourceTree = "<group>"; };
		4A6235EF1BFD1075008DAFEE /* 01_ullmerli_cargolat2.png */ = {isa = PBXFileReference; lastKnownFileType = image.png; path = 01_ullmerli_cargolat2.png; sourceTree = "<group>"; };
		4A6235F11BFD1075008DAFEE /* 01_Sargantana1.png */ = {isa = PBXFileReference; lastKnownFileType = image.png; path = 01_Sargantana1.png; sourceTree = "<group>"; };
		4A6235F21BFD1075008DAFEE /* 01_Sargantana2.png */ = {isa = PBXFileReference; lastKnownFileType = image.png; path = 01_Sargantana2.png; sourceTree = "<group>"; };
		4A6235F31BFD1075008DAFEE /* 01_Sargantana_cua.png */ = {isa = PBXFileReference; lastKnownFileType = image.png; path = 01_Sargantana_cua.png; sourceTree = "<group>"; };
		4A6235F41BFD1075008DAFEE /* 01_Sargantana_escuada1.png */ = {isa = PBXFileReference; lastKnownFileType = image.png; path = 01_Sargantana_escuada1.png; sourceTree = "<group>"; };
		4A6235F51BFD1075008DAFEE /* 01_Sargantana_escuada2.png */ = {isa = PBXFileReference; lastKnownFileType = image.png; path = 01_Sargantana_escuada2.png; sourceTree = "<group>"; };
		4A6235F61BFD1075008DAFEE /* 01-Granja-RET.jpg */ = {isa = PBXFileReference; lastKnownFileType = image.jpeg; path = "01-Granja-RET.jpg"; sourceTree = "<group>"; };
		4A6235F71BFD1075008DAFEE /* 01_Arbres1.png */ = {isa = PBXFileReference; lastKnownFileType = image.png; path = 01_Arbres1.png; sourceTree = "<group>"; };
		4A6235F91BFD1075008DAFEE /* 04 - Hort - Pou - RET.png */ = {isa = PBXFileReference; lastKnownFileType = image.png; path = "04 - Hort - Pou - RET.png"; sourceTree = "<group>"; };
		4A6235FA1BFD1075008DAFEE /* 04 - Hort - RET.jpg */ = {isa = PBXFileReference; lastKnownFileType = image.jpeg; path = "04 - Hort - RET.jpg"; sourceTree = "<group>"; };
		4A6235FB1BFD1075008DAFEE /* 04 - Hortalises.png */ = {isa = PBXFileReference; lastKnownFileType = image.png; path = "04 - Hortalises.png"; sourceTree = "<group>"; };
		4A6235FC1BFD1075008DAFEE /* 04_arbre1_1.png */ = {isa = PBXFileReference; lastKnownFileType = image.png; path = 04_arbre1_1.png; sourceTree = "<group>"; };
		4A6235FD1BFD1075008DAFEE /* 04_arbre1_2.png */ = {isa = PBXFileReference; lastKnownFileType = image.png; path = 04_arbre1_2.png; sourceTree = "<group>"; };
		4A6235FE1BFD1075008DAFEE /* 04_arbre2_1.png */ = {isa = PBXFileReference; lastKnownFileType = image.png; path = 04_arbre2_1.png; sourceTree = "<group>"; };
		4A6235FF1BFD1075008DAFEE /* 04_arbre2_2.png */ = {isa = PBXFileReference; lastKnownFileType = image.png; path = 04_arbre2_2.png; sourceTree = "<group>"; };
		4A6236001BFD1075008DAFEE /* 04_cargol1.png */ = {isa = PBXFileReference; lastKnownFileType = image.png; path = 04_cargol1.png; sourceTree = "<group>"; };
		4A6236011BFD1075008DAFEE /* 04_cargol1closca.png */ = {isa = PBXFileReference; lastKnownFileType = image.png; path = 04_cargol1closca.png; sourceTree = "<group>"; };
		4A6236021BFD1075008DAFEE /* 04_cargol2.png */ = {isa = PBXFileReference; lastKnownFileType = image.png; path = 04_cargol2.png; sourceTree = "<group>"; };
		4A6236031BFD1075008DAFEE /* 04_cargol2closca.png */ = {isa = PBXFileReference; lastKnownFileType = image.png; path = 04_cargol2closca.png; sourceTree = "<group>"; };
		4A6236041BFD1075008DAFEE /* 04_cargol3.png */ = {isa = PBXFileReference; lastKnownFileType = image.png; path = 04_cargol3.png; sourceTree = "<group>"; };
		4A6236051BFD1075008DAFEE /* 04_cargol3closca.png */ = {isa = PBXFileReference; lastKnownFileType = image.png; path = 04_cargol3closca.png; sourceTree = "<group>"; };
		4A6236061BFD1075008DAFEE /* 04_escarabatcervol1.png */ = {isa = PBXFileReference; lastKnownFileType = image.png; path = 04_escarabatcervol1.png; sourceTree = "<group>"; };
		4A6236071BFD1075008DAFEE /* 04_escarabatcervol2.png */ = {isa = PBXFileReference; lastKnownFileType = image.png; path = 04_escarabatcervol2.png; sourceTree = "<group>"; };
		4A6236081BFD1075008DAFEE /* 04_escarabatcervol3.png */ = {isa = PBXFileReference; lastKnownFileType = image.png; path = 04_escarabatcervol3.png; sourceTree = "<group>"; };
		4A6236091BFD1075008DAFEE /* 04_escarabatvermell1.png */ = {isa = PBXFileReference; lastKnownFileType = image.png; path = 04_escarabatvermell1.png; sourceTree = "<group>"; };
		4A62360A1BFD1075008DAFEE /* 04_escarabatvermell2.png */ = {isa = PBXFileReference; lastKnownFileType = image.png; path = 04_escarabatvermell2.png; sourceTree = "<group>"; };
		4A62360B1BFD1075008DAFEE /* 04_escarabatvioleta1.png */ = {isa = PBXFileReference; lastKnownFileType = image.png; path = 04_escarabatvioleta1.png; sourceTree = "<group>"; };
		4A62360C1BFD1075008DAFEE /* 04_escarabatvioleta2.png */ = {isa = PBXFileReference; lastKnownFileType = image.png; path = 04_escarabatvioleta2.png; sourceTree = "<group>"; };
		4A62360D1BFD1075008DAFEE /* 04_llorer1_1.png */ = {isa = PBXFileReference; lastKnownFileType = image.png; path = 04_llorer1_1.png; sourceTree = "<group>"; };
		4A62360E1BFD1075008DAFEE /* 04_llorer1_2.png */ = {isa = PBXFileReference; lastKnownFileType = image.png; path = 04_llorer1_2.png; sourceTree = "<group>"; };
		4A62360F1BFD1075008DAFEE /* 04_marieta1.png */ = {isa = PBXFileReference; lastKnownFileType = image.png; path = 04_marieta1.png; sourceTree = "<group>"; };
		4A6236101BFD1075008DAFEE /* 04_marieta2.png */ = {isa = PBXFileReference; lastKnownFileType = image.png; path = 04_marieta2.png; sourceTree = "<group>"; };
		4A6236111BFD1075008DAFEE /* 04_papallona1_1.png */ = {isa = PBXFileReference; lastKnownFileType = image.png; path = 04_papallona1_1.png; sourceTree = "<group>"; };
		4A6236121BFD1075008DAFEE /* 04_papallona1_2.png */ = {isa = PBXFileReference; lastKnownFileType = image.png; path = 04_papallona1_2.png; sourceTree = "<group>"; };
		4A6236131BFD1075008DAFEE /* 04_papallona2_1.png */ = {isa = PBXFileReference; lastKnownFileType = image.png; path = 04_papallona2_1.png; sourceTree = "<group>"; };
		4A6236141BFD1075008DAFEE /* 04_papallona2_2.png */ = {isa = PBXFileReference; lastKnownFileType = image.png; path = 04_papallona2_2.png; sourceTree = "<group>"; };
		4A6236151BFD1075008DAFEE /* 04_papallona3_1.png */ = {isa = PBXFileReference; lastKnownFileType = image.png; path = 04_papallona3_1.png; sourceTree = "<group>"; };
		4A6236161BFD1075008DAFEE /* 04_papallona3_2.png */ = {isa = PBXFileReference; lastKnownFileType = image.png; path = 04_papallona3_2.png; sourceTree = "<group>"; };
		4A6236171BFD1075008DAFEE /* Pantalla 01.mov */ = {isa = PBXFileReference; lastKnownFileType = video.quicktime; path = "Pantalla 01.mov"; sourceTree = "<group>"; };
		4A62361B1BFD1076008DAFEE /* B_ID_10_ca.mp3 */ = {isa = PBXFileReference; lastKnownFileType = audio.mp3; path = B_ID_10_ca.mp3; sourceTree = "<group>"; };
		4A62361C1BFD1076008DAFEE /* B_ID_10_sp.mp3 */ = {isa = PBXFileReference; lastKnownFileType = audio.mp3; path = B_ID_10_sp.mp3; sourceTree = "<group>"; };
		4A62361D1BFD1076008DAFEE /* B_ID_11_ca.mp3 */ = {isa = PBXFileReference; lastKnownFileType = audio.mp3; path = B_ID_11_ca.mp3; sourceTree = "<group>"; };
		4A62361E1BFD1076008DAFEE /* B_ID_11_sp.mp3 */ = {isa = PBXFileReference; lastKnownFileType = audio.mp3; path = B_ID_11_sp.mp3; sourceTree = "<group>"; };
		4A62361F1BFD1076008DAFEE /* B_ID_12_ca.mp3 */ = {isa = PBXFileReference; lastKnownFileType = audio.mp3; path = B_ID_12_ca.mp3; sourceTree = "<group>"; };
		4A6236201BFD1076008DAFEE /* B_ID_12_sp.mp3 */ = {isa = PBXFileReference; lastKnownFileType = audio.mp3; path = B_ID_12_sp.mp3; sourceTree = "<group>"; };
		4A6236211BFD1076008DAFEE /* B_ID_1_ca.mp3 */ = {isa = PBXFileReference; lastKnownFileType = audio.mp3; path = B_ID_1_ca.mp3; sourceTree = "<group>"; };
		4A6236221BFD1076008DAFEE /* B_ID_1_sp.mp3 */ = {isa = PBXFileReference; lastKnownFileType = audio.mp3; path = B_ID_1_sp.mp3; sourceTree = "<group>"; };
		4A6236231BFD1076008DAFEE /* B_ID_2_ca.mp3 */ = {isa = PBXFileReference; lastKnownFileType = audio.mp3; path = B_ID_2_ca.mp3; sourceTree = "<group>"; };
		4A6236241BFD1076008DAFEE /* B_ID_2_sp.mp3 */ = {isa = PBXFileReference; lastKnownFileType = audio.mp3; path = B_ID_2_sp.mp3; sourceTree = "<group>"; };
		4A6236251BFD1076008DAFEE /* B_ID_3_ca.mp3 */ = {isa = PBXFileReference; lastKnownFileType = audio.mp3; path = B_ID_3_ca.mp3; sourceTree = "<group>"; };
		4A6236261BFD1076008DAFEE /* B_ID_3_sp.mp3 */ = {isa = PBXFileReference; lastKnownFileType = audio.mp3; path = B_ID_3_sp.mp3; sourceTree = "<group>"; };
		4A6236271BFD1076008DAFEE /* B_ID_4_ca.mp3 */ = {isa = PBXFileReference; lastKnownFileType = audio.mp3; path = B_ID_4_ca.mp3; sourceTree = "<group>"; };
		4A6236281BFD1076008DAFEE /* B_ID_4_sp.mp3 */ = {isa = PBXFileReference; lastKnownFileType = audio.mp3; path = B_ID_4_sp.mp3; sourceTree = "<group>"; };
		4A6236291BFD1076008DAFEE /* B_ID_5_ca.mp3 */ = {isa = PBXFileReference; lastKnownFileType = audio.mp3; path = B_ID_5_ca.mp3; sourceTree = "<group>"; };
		4A62362A1BFD1076008DAFEE /* B_ID_5_sp.mp3 */ = {isa = PBXFileReference; lastKnownFileType = audio.mp3; path = B_ID_5_sp.mp3; sourceTree = "<group>"; };
		4A62362B1BFD1076008DAFEE /* B_ID_6_ca.mp3 */ = {isa = PBXFileReference; lastKnownFileType = audio.mp3; path = B_ID_6_ca.mp3; sourceTree = "<group>"; };
		4A62362C1BFD1076008DAFEE /* B_ID_6_sp.mp3 */ = {isa = PBXFileReference; lastKnownFileType = audio.mp3; path = B_ID_6_sp.mp3; sourceTree = "<group>"; };
		4A62362D1BFD1076008DAFEE /* B_ID_7_ca.mp3 */ = {isa = PBXFileReference; lastKnownFileType = audio.mp3; path = B_ID_7_ca.mp3; sourceTree = "<group>"; };
		4A62362E1BFD1076008DAFEE /* B_ID_7_sp.mp3 */ = {isa = PBXFileReference; lastKnownFileType = audio.mp3; path = B_ID_7_sp.mp3; sourceTree = "<group>"; };
		4A62362F1BFD1076008DAFEE /* B_ID_8_ca.mp3 */ = {isa = PBXFileReference; lastKnownFileType = audio.mp3; path = B_ID_8_ca.mp3; sourceTree = "<group>"; };
		4A6236301BFD1076008DAFEE /* B_ID_8_sp.mp3 */ = {isa = PBXFileReference; lastKnownFileType = audio.mp3; path = B_ID_8_sp.mp3; sourceTree = "<group>"; };
		4A6236311BFD1076008DAFEE /* B_ID_9_ca.mp3 */ = {isa = PBXFileReference; lastKnownFileType = audio.mp3; path = B_ID_9_ca.mp3; sourceTree = "<group>"; };
		4A6236321BFD1076008DAFEE /* B_ID_9_sp.mp3 */ = {isa = PBXFileReference; lastKnownFileType = audio.mp3; path = B_ID_9_sp.mp3; sourceTree = "<group>"; };
		4A6236341BFD1076008DAFEE /* narrador01_fast_ca.mp3 */ = {isa = PBXFileReference; lastKnownFileType = audio.mp3; path = narrador01_fast_ca.mp3; sourceTree = "<group>"; };
		4A6236351BFD1076008DAFEE /* narrador01_fast_sp.mp3 */ = {isa = PBXFileReference; lastKnownFileType = audio.mp3; path = narrador01_fast_sp.mp3; sourceTree = "<group>"; };
		4A6236361BFD1076008DAFEE /* narrador01_slow_ca.mp3 */ = {isa = PBXFileReference; lastKnownFileType = audio.mp3; path = narrador01_slow_ca.mp3; sourceTree = "<group>"; };
		4A6236371BFD1076008DAFEE /* narrador01_slow_sp.mp3 */ = {isa = PBXFileReference; lastKnownFileType = audio.mp3; path = narrador01_slow_sp.mp3; sourceTree = "<group>"; };
		4A62363A1BFD1076008DAFEE /* B_ID_34_ca.mp3 */ = {isa = PBXFileReference; lastKnownFileType = audio.mp3; path = B_ID_34_ca.mp3; sourceTree = "<group>"; };
		4A62363B1BFD1076008DAFEE /* B_ID_35_ca.mp3 */ = {isa = PBXFileReference; lastKnownFileType = audio.mp3; path = B_ID_35_ca.mp3; sourceTree = "<group>"; };
		4A62363C1BFD1076008DAFEE /* B_ID_36_ca.mp3 */ = {isa = PBXFileReference; lastKnownFileType = audio.mp3; path = B_ID_36_ca.mp3; sourceTree = "<group>"; };
		4A62363D1BFD1076008DAFEE /* B_ID_37_ca.mp3 */ = {isa = PBXFileReference; lastKnownFileType = audio.mp3; path = B_ID_37_ca.mp3; sourceTree = "<group>"; };
		4A62363E1BFD1076008DAFEE /* B_ID_38_ca.mp3 */ = {isa = PBXFileReference; lastKnownFileType = audio.mp3; path = B_ID_38_ca.mp3; sourceTree = "<group>"; };
		4A62363F1BFD1076008DAFEE /* B_ID_39_ca.mp3 */ = {isa = PBXFileReference; lastKnownFileType = audio.mp3; path = B_ID_39_ca.mp3; sourceTree = "<group>"; };
		4A6236411BFD1076008DAFEE /* BG04.07_hort.mp3 */ = {isa = PBXFileReference; lastKnownFileType = audio.mp3; path = BG04.07_hort.mp3; sourceTree = "<group>"; };
		4A6236421BFD1076008DAFEE /* BG04.07_hort_comodi.mp3 */ = {isa = PBXFileReference; lastKnownFileType = audio.mp3; path = BG04.07_hort_comodi.mp3; sourceTree = "<group>"; };
		4A6236441BFD1076008DAFEE /* narrador04_fast_ca.mp3 */ = {isa = PBXFileReference; lastKnownFileType = audio.mp3; path = narrador04_fast_ca.mp3; sourceTree = "<group>"; };
		4A6236451BFD1076008DAFEE /* narrador04_slow_ca.mp3 */ = {isa = PBXFileReference; lastKnownFileType = audio.mp3; path = narrador04_slow_ca.mp3; sourceTree = "<group>"; };
		4A6236461BFD1076008DAFEE /* ambientpag2_1.mp3 */ = {isa = PBXFileReference; lastKnownFileType = audio.mp3; path = ambientpag2_1.mp3; sourceTree = "<group>"; };
		4A6236471BFD1076008DAFEE /* copfusta_tiet.mp3 */ = {isa = PBXFileReference; lastKnownFileType = audio.mp3; path = copfusta_tiet.mp3; sourceTree = "<group>"; };
		4A6236481BFD1076008DAFEE /* copfusta_tiet2.mp3 */ = {isa = PBXFileReference; lastKnownFileType = audio.mp3; path = copfusta_tiet2.mp3; sourceTree = "<group>"; };
		4A6236491BFD1076008DAFEE /* Localizable 2.strings */ = {isa = PBXFileReference; fileEncoding = 4; lastKnownFileType = text.plist.strings; path = "Localizable 2.strings"; sourceTree = "<group>"; };
		4A62364A1BFD1076008DAFEE /* Localizable.strings */ = {isa = PBXFileReference; fileEncoding = 4; lastKnownFileType = text.plist.strings; path = Localizable.strings; sourceTree = "<group>"; };
		4A62364B1BFD1076008DAFEE /* vol_ocell.mp3 */ = {isa = PBXFileReference; lastKnownFileType = audio.mp3; path = vol_ocell.mp3; sourceTree = "<group>"; };
		4A6236EA1BFD14DC008DAFEE /* SoundManager.h */ = {isa = PBXFileReference; fileEncoding = 4; lastKnownFileType = sourcecode.c.h; path = SoundManager.h; sourceTree = "<group>"; };
		4A6236EB1BFD14DC008DAFEE /* SoundManager.m */ = {isa = PBXFileReference; fileEncoding = 4; lastKnownFileType = sourcecode.c.objc; path = SoundManager.m; sourceTree = "<group>"; };
/* End PBXFileReference section */

/* Begin PBXFrameworksBuildPhase section */
		4A62340C1BFD0F8C008DAFEE /* Frameworks */ = {
			isa = PBXFrameworksBuildPhase;
			buildActionMask = 2147483647;
			files = (
			);
			runOnlyForDeploymentPostprocessing = 0;
		};
		4A6234251BFD0F8D008DAFEE /* Frameworks */ = {
			isa = PBXFrameworksBuildPhase;
			buildActionMask = 2147483647;
			files = (
			);
			runOnlyForDeploymentPostprocessing = 0;
		};
		4A6234301BFD0F8D008DAFEE /* Frameworks */ = {
			isa = PBXFrameworksBuildPhase;
			buildActionMask = 2147483647;
			files = (
			);
			runOnlyForDeploymentPostprocessing = 0;
		};
/* End PBXFrameworksBuildPhase section */

/* Begin PBXGroup section */
		4A6234061BFD0F8C008DAFEE = {
			isa = PBXGroup;
			children = (
				4A6234111BFD0F8C008DAFEE /* LibroDeNoa */,
				4A62342B1BFD0F8D008DAFEE /* LibroDeNoaTests */,
				4A6234361BFD0F8D008DAFEE /* LibroDeNoaUITests */,
				4A6234101BFD0F8C008DAFEE /* Products */,
			);
			sourceTree = "<group>";
		};
		4A6234101BFD0F8C008DAFEE /* Products */ = {
			isa = PBXGroup;
			children = (
				4A62340F1BFD0F8C008DAFEE /* LibroDeNoa.app */,
				4A6234281BFD0F8D008DAFEE /* LibroDeNoaTests.xctest */,
				4A6234331BFD0F8D008DAFEE /* LibroDeNoaUITests.xctest */,
			);
			name = Products;
			sourceTree = "<group>";
		};
		4A6234111BFD0F8C008DAFEE /* LibroDeNoa */ = {
			isa = PBXGroup;
			children = (
				4A6234151BFD0F8C008DAFEE /* AppDelegate.h */,
				4A6234161BFD0F8C008DAFEE /* AppDelegate.m */,
				4A6234181BFD0F8C008DAFEE /* ViewController.h */,
				4A6234191BFD0F8C008DAFEE /* ViewController.m */,
				4A6236EA1BFD14DC008DAFEE /* SoundManager.h */,
				4A6236EB1BFD14DC008DAFEE /* SoundManager.m */,
				4A62341B1BFD0F8C008DAFEE /* Main.storyboard */,
				4A6234451BFD0FB7008DAFEE /* res */,
				4A6234201BFD0F8C008DAFEE /* LaunchScreen.storyboard */,
				4A6234231BFD0F8C008DAFEE /* Info.plist */,
				4A6234121BFD0F8C008DAFEE /* Supporting Files */,
			);
			path = LibroDeNoa;
			sourceTree = "<group>";
		};
		4A6234121BFD0F8C008DAFEE /* Supporting Files */ = {
			isa = PBXGroup;
			children = (
				4A6234131BFD0F8C008DAFEE /* main.m */,
			);
			name = "Supporting Files";
			sourceTree = "<group>";
		};
		4A62342B1BFD0F8D008DAFEE /* LibroDeNoaTests */ = {
			isa = PBXGroup;
			children = (
				4A62342C1BFD0F8D008DAFEE /* LibroDeNoaTests.m */,
				4A62342E1BFD0F8D008DAFEE /* Info.plist */,
			);
			path = LibroDeNoaTests;
			sourceTree = "<group>";
		};
		4A6234361BFD0F8D008DAFEE /* LibroDeNoaUITests */ = {
			isa = PBXGroup;
			children = (
				4A6234371BFD0F8D008DAFEE /* LibroDeNoaUITests.m */,
				4A6234391BFD0F8D008DAFEE /* Info.plist */,
			);
			path = LibroDeNoaUITests;
			sourceTree = "<group>";
		};
		4A6234451BFD0FB7008DAFEE /* res */ = {
			isa = PBXGroup;
			children = (
				4A6235971BFD1075008DAFEE /* Fonts */,
				4A6235991BFD1075008DAFEE /* Images */,
				4A6236171BFD1075008DAFEE /* Pantalla 01.mov */,
				4A6236181BFD1076008DAFEE /* Sounds */,
				4A62341E1BFD0F8C008DAFEE /* Assets.xcassets */,
			);
			name = res;
			sourceTree = "<group>";
		};
		4A6235971BFD1075008DAFEE /* Fonts */ = {
			isa = PBXGroup;
			children = (
				4A6235981BFD1075008DAFEE /* Stanberry.ttf */,
			);
			path = Fonts;
			sourceTree = "<group>";
		};
		4A6235991BFD1075008DAFEE /* Images */ = {
			isa = PBXGroup;
			children = (
				4A62359A1BFD1075008DAFEE /* General */,
				4A6235BD1BFD1075008DAFEE /* Pagina 1 */,
				4A6235F81BFD1075008DAFEE /* Pagina 2 */,
			);
			path = Images;
			sourceTree = "<group>";
		};
		4A62359A1BFD1075008DAFEE /* General */ = {
			isa = PBXGroup;
			children = (
				4A62359B1BFD1075008DAFEE /* 00 Bafarades */,
				4A6235A51BFD1075008DAFEE /* 00 Carlota Bici */,
				4A6235B81BFD1075008DAFEE /* 00.F-Linux */,
			);
			path = General;
			sourceTree = "<group>";
		};
		4A62359B1BFD1075008DAFEE /* 00 Bafarades */ = {
			isa = PBXGroup;
			children = (
				4A62359C1BFD1075008DAFEE /* bafarada01.png */,
				4A62359D1BFD1075008DAFEE /* bafarada02.png */,
				4A62359E1BFD1075008DAFEE /* bafarada03.png */,
				4A62359F1BFD1075008DAFEE /* bafarada05.png */,
				4A6235A01BFD1075008DAFEE /* bafarada06.png */,
				4A6235A11BFD1075008DAFEE /* bafarada08.png */,
				4A6235A21BFD1075008DAFEE /* bafarada09.png */,
				4A6235A31BFD1075008DAFEE /* bafarada10.png */,
				4A6235A41BFD1075008DAFEE /* bafarada11.png */,
			);
			path = "00 Bafarades";
			sourceTree = "<group>";
		};
		4A6235A51BFD1075008DAFEE /* 00 Carlota Bici */ = {
			isa = PBXGroup;
			children = (
				4A6235A61BFD1075008DAFEE /* 01_Carlota_bici01.png */,
				4A6235A71BFD1075008DAFEE /* 01_Carlota_bici02.png */,
				4A6235A81BFD1075008DAFEE /* 01_Carlota_bici03.png */,
				4A6235A91BFD1075008DAFEE /* 01_Carlota_bici04.png */,
				4A6235AA1BFD1075008DAFEE /* 01_Carlota_bici05.png */,
				4A6235AB1BFD1075008DAFEE /* 01_Carlota_bici06.png */,
				4A6235AC1BFD1075008DAFEE /* 01_Carlota_bici07.png */,
				4A6235AD1BFD1075008DAFEE /* 01_Carlota_bici08.png */,
				4A6235AE1BFD1075008DAFEE /* 01_Carlota_bici09.png */,
				4A6235AF1BFD1075008DAFEE /* 01_Carlota_bici10.png */,
				4A6235B01BFD1075008DAFEE /* 01_Carlota_bici11.png */,
				4A6235B11BFD1075008DAFEE /* 01_Carlota_bici12.png */,
				4A6235B21BFD1075008DAFEE /* 01_Carlota_bici13.png */,
				4A6235B31BFD1075008DAFEE /* 01_Carlota_bici14.png */,
				4A6235B41BFD1075008DAFEE /* 01_Carlota_Estatica.png */,
				4A6235B51BFD1075008DAFEE /* 01_Carlota_Ulls_01.png */,
				4A6235B61BFD1075008DAFEE /* 01_Carlota_xerrant_01.png */,
				4A6235B71BFD1075008DAFEE /* 01_Carlota_xerrant_02.png */,
			);
			path = "00 Carlota Bici";
			sourceTree = "<group>";
		};
		4A6235B81BFD1075008DAFEE /* 00.F-Linux */ = {
			isa = PBXGroup;
			children = (
				4A6235B91BFD1075008DAFEE /* 02_linux_camina.png */,
				4A6235BA1BFD1075008DAFEE /* 02_linux_estatic.png */,
				4A6235BB1BFD1075008DAFEE /* 02_linux_estatic2.png */,
				4A6235BC1BFD1075008DAFEE /* 02_linux_parla.png */,
			);
			path = "00.F-Linux";
			sourceTree = "<group>";
		};
		4A6235BD1BFD1075008DAFEE /* Pagina 1 */ = {
			isa = PBXGroup;
			children = (
				4A6235BE1BFD1075008DAFEE /* 01 - Ocell */,
				4A6235C31BFD1075008DAFEE /* 01 - Testos */,
				4A6235CB1BFD1075008DAFEE /* 01 - Tiet */,
				4A6235D71BFD1075008DAFEE /* 01 - Tieta */,
				4A6235E41BFD1075008DAFEE /* 01 Carret */,
				4A6235E61BFD1075008DAFEE /* 01 Merli */,
				4A6235F01BFD1075008DAFEE /* 01 Sargantana */,
				4A6235F61BFD1075008DAFEE /* 01-Granja-RET.jpg */,
				4A6235F71BFD1075008DAFEE /* 01_Arbres1.png */,
			);
			path = "Pagina 1";
			sourceTree = "<group>";
		};
		4A6235BE1BFD1075008DAFEE /* 01 - Ocell */ = {
			isa = PBXGroup;
			children = (
				4A6235BF1BFD1075008DAFEE /* 01_ocell_empren_vol.png */,
				4A6235C01BFD1075008DAFEE /* 01_ocell_estatic.png */,
				4A6235C11BFD1075008DAFEE /* 01_ocell_vola1.png */,
				4A6235C21BFD1075008DAFEE /* 01_ocell_vola2.png */,
			);
			path = "01 - Ocell";
			sourceTree = "<group>";
		};
		4A6235C31BFD1075008DAFEE /* 01 - Testos */ = {
			isa = PBXGroup;
			children = (
				4A6235C41BFD1075008DAFEE /* 01_planta groga1.png */,
				4A6235C51BFD1075008DAFEE /* 01_planta groga2.png */,
				4A6235C61BFD1075008DAFEE /* 01_planta Verda.psd */,
				4A6235C71BFD1075008DAFEE /* 01_planta Verda1.png */,
				4A6235C81BFD1075008DAFEE /* 01_planta Verda2.png */,
				4A6235C91BFD1075008DAFEE /* 01_plantes liles1.png */,
				4A6235CA1BFD1075008DAFEE /* 01_plantes liles2.png */,
			);
			path = "01 - Testos";
			sourceTree = "<group>";
		};
		4A6235CB1BFD1075008DAFEE /* 01 - Tiet */ = {
			isa = PBXGroup;
			children = (
				4A6235CC1BFD1075008DAFEE /* 01_tiet_CAP_decara_parlant1.png */,
				4A6235CD1BFD1075008DAFEE /* 01_tiet_CAP_decara_parlant2.png */,
				4A6235CE1BFD1075008DAFEE /* 01_tiet_CAP_decara_ullstancats.png */,
				4A6235CF1BFD1075008DAFEE /* 01_tiet_CAP_estatic.png */,
				4A6235D01BFD1075008DAFEE /* 01_tiet_CAP_parlant1.png */,
				4A6235D11BFD1075008DAFEE /* 01_tiet_CAP_ullstancats.png */,
				4A6235D21BFD1075008DAFEE /* 01_tiet_copet_destral1.png */,
				4A6235D31BFD1075008DAFEE /* 01_tiet_estatic.png */,
				4A6235D41BFD1075008DAFEE /* 01_tiet_Partint_tronc1.png */,
				4A6235D51BFD1075008DAFEE /* 01_tiet_Partint_tronc2.png */,
				4A6235D61BFD1075008DAFEE /* 01_tiet_Partint_tronc3.png */,
			);
			path = "01 - Tiet";
			sourceTree = "<group>";
		};
		4A6235D71BFD1075008DAFEE /* 01 - Tieta */ = {
			isa = PBXGroup;
			children = (
				4A6235D81BFD1075008DAFEE /* 01_tieta_cap_estatica.png */,
				4A6235D91BFD1075008DAFEE /* 01_tieta_cap_parlantcanto_01.png */,
				4A6235DA1BFD1075008DAFEE /* 01_tieta_cap_parlantcanto_02.png */,
				4A6235DB1BFD1075008DAFEE /* 01_tieta_cap_parlantcara_01.png */,
				4A6235DC1BFD1075008DAFEE /* 01_tieta_cap_parlantcara_02.png */,
				4A6235DD1BFD1075008DAFEE /* 01_tieta_cap_ullcanto_01.png */,
				4A6235DE1BFD1075008DAFEE /* 01_tieta_cap_ullcanto_02.png */,
				4A6235DF1BFD1075008DAFEE /* 01_tieta_cap_Ullscara_01.png */,
				4A6235E01BFD1075008DAFEE /* 01_tieta_cap_Ullscara_02.png */,
				4A6235E11BFD1075008DAFEE /* 01_tieta_estatica.png */,
				4A6235E21BFD1075008DAFEE /* 01_tieta_Regant_01.png */,
				4A6235E31BFD1075008DAFEE /* 01_tieta_Regant_02.png */,
			);
			path = "01 - Tieta";
			sourceTree = "<group>";
		};
		4A6235E41BFD1075008DAFEE /* 01 Carret */ = {
			isa = PBXGroup;
			children = (
				4A6235E51BFD1075008DAFEE /* 01 - Carret.png */,
			);
			path = "01 Carret";
			sourceTree = "<group>";
		};
		4A6235E61BFD1075008DAFEE /* 01 Merli */ = {
			isa = PBXGroup;
			children = (
				4A6235E71BFD1075008DAFEE /* 01_merli_estatic.png */,
				4A6235E81BFD1075008DAFEE /* 01_merli_estatic_cargolat.png */,
				4A6235E91BFD1075008DAFEE /* 01_merli_estatic_cargolat_parlant1.png */,
				4A6235EA1BFD1075008DAFEE /* 01_merli_parlant1.png */,
				4A6235EB1BFD1075008DAFEE /* 01_ullmerli1.png */,
				4A6235EC1BFD1075008DAFEE /* 01_ullmerli2.png */,
				4A6235ED1BFD1075008DAFEE /* 01_ullmerli3.png */,
				4A6235EE1BFD1075008DAFEE /* 01_ullmerli_cargolat1.png */,
				4A6235EF1BFD1075008DAFEE /* 01_ullmerli_cargolat2.png */,
			);
			path = "01 Merli";
			sourceTree = "<group>";
		};
		4A6235F01BFD1075008DAFEE /* 01 Sargantana */ = {
			isa = PBXGroup;
			children = (
				4A6235F11BFD1075008DAFEE /* 01_Sargantana1.png */,
				4A6235F21BFD1075008DAFEE /* 01_Sargantana2.png */,
				4A6235F31BFD1075008DAFEE /* 01_Sargantana_cua.png */,
				4A6235F41BFD1075008DAFEE /* 01_Sargantana_escuada1.png */,
				4A6235F51BFD1075008DAFEE /* 01_Sargantana_escuada2.png */,
			);
			path = "01 Sargantana";
			sourceTree = "<group>";
		};
		4A6235F81BFD1075008DAFEE /* Pagina 2 */ = {
			isa = PBXGroup;
			children = (
				4A6235F91BFD1075008DAFEE /* 04 - Hort - Pou - RET.png */,
				4A6235FA1BFD1075008DAFEE /* 04 - Hort - RET.jpg */,
				4A6235FB1BFD1075008DAFEE /* 04 - Hortalises.png */,
				4A6235FC1BFD1075008DAFEE /* 04_arbre1_1.png */,
				4A6235FD1BFD1075008DAFEE /* 04_arbre1_2.png */,
				4A6235FE1BFD1075008DAFEE /* 04_arbre2_1.png */,
				4A6235FF1BFD1075008DAFEE /* 04_arbre2_2.png */,
				4A6236001BFD1075008DAFEE /* 04_cargol1.png */,
				4A6236011BFD1075008DAFEE /* 04_cargol1closca.png */,
				4A6236021BFD1075008DAFEE /* 04_cargol2.png */,
				4A6236031BFD1075008DAFEE /* 04_cargol2closca.png */,
				4A6236041BFD1075008DAFEE /* 04_cargol3.png */,
				4A6236051BFD1075008DAFEE /* 04_cargol3closca.png */,
				4A6236061BFD1075008DAFEE /* 04_escarabatcervol1.png */,
				4A6236071BFD1075008DAFEE /* 04_escarabatcervol2.png */,
				4A6236081BFD1075008DAFEE /* 04_escarabatcervol3.png */,
				4A6236091BFD1075008DAFEE /* 04_escarabatvermell1.png */,
				4A62360A1BFD1075008DAFEE /* 04_escarabatvermell2.png */,
				4A62360B1BFD1075008DAFEE /* 04_escarabatvioleta1.png */,
				4A62360C1BFD1075008DAFEE /* 04_escarabatvioleta2.png */,
				4A62360D1BFD1075008DAFEE /* 04_llorer1_1.png */,
				4A62360E1BFD1075008DAFEE /* 04_llorer1_2.png */,
				4A62360F1BFD1075008DAFEE /* 04_marieta1.png */,
				4A6236101BFD1075008DAFEE /* 04_marieta2.png */,
				4A6236111BFD1075008DAFEE /* 04_papallona1_1.png */,
				4A6236121BFD1075008DAFEE /* 04_papallona1_2.png */,
				4A6236131BFD1075008DAFEE /* 04_papallona2_1.png */,
				4A6236141BFD1075008DAFEE /* 04_papallona2_2.png */,
				4A6236151BFD1075008DAFEE /* 04_papallona3_1.png */,
				4A6236161BFD1075008DAFEE /* 04_papallona3_2.png */,
			);
			path = "Pagina 2";
			sourceTree = "<group>";
		};
		4A6236181BFD1076008DAFEE /* Sounds */ = {
			isa = PBXGroup;
			children = (
				4A6236191BFD1076008DAFEE /* 01 */,
				4A6236381BFD1076008DAFEE /* 04 */,
				4A6236461BFD1076008DAFEE /* ambientpag2_1.mp3 */,
				4A6236471BFD1076008DAFEE /* copfusta_tiet.mp3 */,
				4A6236481BFD1076008DAFEE /* copfusta_tiet2.mp3 */,
				4A6236491BFD1076008DAFEE /* Localizable 2.strings */,
				4A62364A1BFD1076008DAFEE /* Localizable.strings */,
				4A62364B1BFD1076008DAFEE /* vol_ocell.mp3 */,
			);
			path = Sounds;
			sourceTree = "<group>";
		};
		4A6236191BFD1076008DAFEE /* 01 */ = {
			isa = PBXGroup;
			children = (
				4A62361A1BFD1076008DAFEE /* bafarades */,
				4A6236331BFD1076008DAFEE /* narrador */,
			);
			path = 01;
			sourceTree = "<group>";
		};
		4A62361A1BFD1076008DAFEE /* bafarades */ = {
			isa = PBXGroup;
			children = (
				4A62361B1BFD1076008DAFEE /* B_ID_10_ca.mp3 */,
				4A62361C1BFD1076008DAFEE /* B_ID_10_sp.mp3 */,
				4A62361D1BFD1076008DAFEE /* B_ID_11_ca.mp3 */,
				4A62361E1BFD1076008DAFEE /* B_ID_11_sp.mp3 */,
				4A62361F1BFD1076008DAFEE /* B_ID_12_ca.mp3 */,
				4A6236201BFD1076008DAFEE /* B_ID_12_sp.mp3 */,
				4A6236211BFD1076008DAFEE /* B_ID_1_ca.mp3 */,
				4A6236221BFD1076008DAFEE /* B_ID_1_sp.mp3 */,
				4A6236231BFD1076008DAFEE /* B_ID_2_ca.mp3 */,
				4A6236241BFD1076008DAFEE /* B_ID_2_sp.mp3 */,
				4A6236251BFD1076008DAFEE /* B_ID_3_ca.mp3 */,
				4A6236261BFD1076008DAFEE /* B_ID_3_sp.mp3 */,
				4A6236271BFD1076008DAFEE /* B_ID_4_ca.mp3 */,
				4A6236281BFD1076008DAFEE /* B_ID_4_sp.mp3 */,
				4A6236291BFD1076008DAFEE /* B_ID_5_ca.mp3 */,
				4A62362A1BFD1076008DAFEE /* B_ID_5_sp.mp3 */,
				4A62362B1BFD1076008DAFEE /* B_ID_6_ca.mp3 */,
				4A62362C1BFD1076008DAFEE /* B_ID_6_sp.mp3 */,
				4A62362D1BFD1076008DAFEE /* B_ID_7_ca.mp3 */,
				4A62362E1BFD1076008DAFEE /* B_ID_7_sp.mp3 */,
				4A62362F1BFD1076008DAFEE /* B_ID_8_ca.mp3 */,
				4A6236301BFD1076008DAFEE /* B_ID_8_sp.mp3 */,
				4A6236311BFD1076008DAFEE /* B_ID_9_ca.mp3 */,
				4A6236321BFD1076008DAFEE /* B_ID_9_sp.mp3 */,
			);
			path = bafarades;
			sourceTree = "<group>";
		};
		4A6236331BFD1076008DAFEE /* narrador */ = {
			isa = PBXGroup;
			children = (
				4A6236341BFD1076008DAFEE /* narrador01_fast_ca.mp3 */,
				4A6236351BFD1076008DAFEE /* narrador01_fast_sp.mp3 */,
				4A6236361BFD1076008DAFEE /* narrador01_slow_ca.mp3 */,
				4A6236371BFD1076008DAFEE /* narrador01_slow_sp.mp3 */,
			);
			path = narrador;
			sourceTree = "<group>";
		};
		4A6236381BFD1076008DAFEE /* 04 */ = {
			isa = PBXGroup;
			children = (
				4A6236391BFD1076008DAFEE /* bafarades */,
				4A6236401BFD1076008DAFEE /* effects */,
				4A6236431BFD1076008DAFEE /* narrador */,
			);
			path = 04;
			sourceTree = "<group>";
		};
		4A6236391BFD1076008DAFEE /* bafarades */ = {
			isa = PBXGroup;
			children = (
				4A62363A1BFD1076008DAFEE /* B_ID_34_ca.mp3 */,
				4A62363B1BFD1076008DAFEE /* B_ID_35_ca.mp3 */,
				4A62363C1BFD1076008DAFEE /* B_ID_36_ca.mp3 */,
				4A62363D1BFD1076008DAFEE /* B_ID_37_ca.mp3 */,
				4A62363E1BFD1076008DAFEE /* B_ID_38_ca.mp3 */,
				4A62363F1BFD1076008DAFEE /* B_ID_39_ca.mp3 */,
			);
			path = bafarades;
			sourceTree = "<group>";
		};
		4A6236401BFD1076008DAFEE /* effects */ = {
			isa = PBXGroup;
			children = (
				4A6236411BFD1076008DAFEE /* BG04.07_hort.mp3 */,
				4A6236421BFD1076008DAFEE /* BG04.07_hort_comodi.mp3 */,
			);
			path = effects;
			sourceTree = "<group>";
		};
		4A6236431BFD1076008DAFEE /* narrador */ = {
			isa = PBXGroup;
			children = (
				4A6236441BFD1076008DAFEE /* narrador04_fast_ca.mp3 */,
				4A6236451BFD1076008DAFEE /* narrador04_slow_ca.mp3 */,
			);
			path = narrador;
			sourceTree = "<group>";
		};
/* End PBXGroup section */

/* Begin PBXNativeTarget section */
		4A62340E1BFD0F8C008DAFEE /* LibroDeNoa */ = {
			isa = PBXNativeTarget;
			buildConfigurationList = 4A62343C1BFD0F8D008DAFEE /* Build configuration list for PBXNativeTarget "LibroDeNoa" */;
			buildPhases = (
				4A62340B1BFD0F8C008DAFEE /* Sources */,
				4A62340C1BFD0F8C008DAFEE /* Frameworks */,
				4A62340D1BFD0F8C008DAFEE /* Resources */,
			);
			buildRules = (
			);
			dependencies = (
			);
			name = LibroDeNoa;
			productName = LibroDeNoa;
			productReference = 4A62340F1BFD0F8C008DAFEE /* LibroDeNoa.app */;
			productType = "com.apple.product-type.application";
		};
		4A6234271BFD0F8D008DAFEE /* LibroDeNoaTests */ = {
			isa = PBXNativeTarget;
			buildConfigurationList = 4A62343F1BFD0F8D008DAFEE /* Build configuration list for PBXNativeTarget "LibroDeNoaTests" */;
			buildPhases = (
				4A6234241BFD0F8D008DAFEE /* Sources */,
				4A6234251BFD0F8D008DAFEE /* Frameworks */,
				4A6234261BFD0F8D008DAFEE /* Resources */,
			);
			buildRules = (
			);
			dependencies = (
				4A62342A1BFD0F8D008DAFEE /* PBXTargetDependency */,
			);
			name = LibroDeNoaTests;
			productName = LibroDeNoaTests;
			productReference = 4A6234281BFD0F8D008DAFEE /* LibroDeNoaTests.xctest */;
			productType = "com.apple.product-type.bundle.unit-test";
		};
		4A6234321BFD0F8D008DAFEE /* LibroDeNoaUITests */ = {
			isa = PBXNativeTarget;
			buildConfigurationList = 4A6234421BFD0F8D008DAFEE /* Build configuration list for PBXNativeTarget "LibroDeNoaUITests" */;
			buildPhases = (
				4A62342F1BFD0F8D008DAFEE /* Sources */,
				4A6234301BFD0F8D008DAFEE /* Frameworks */,
				4A6234311BFD0F8D008DAFEE /* Resources */,
			);
			buildRules = (
			);
			dependencies = (
				4A6234351BFD0F8D008DAFEE /* PBXTargetDependency */,
			);
			name = LibroDeNoaUITests;
			productName = LibroDeNoaUITests;
			productReference = 4A6234331BFD0F8D008DAFEE /* LibroDeNoaUITests.xctest */;
			productType = "com.apple.product-type.bundle.ui-testing";
		};
/* End PBXNativeTarget section */

/* Begin PBXProject section */
		4A6234071BFD0F8C008DAFEE /* Project object */ = {
			isa = PBXProject;
			attributes = {
				LastUpgradeCheck = 0710;
				ORGANIZATIONNAME = "Jose Manuel Ramírez Martínez";
				TargetAttributes = {
					4A62340E1BFD0F8C008DAFEE = {
						CreatedOnToolsVersion = 7.1.1;
					};
					4A6234271BFD0F8D008DAFEE = {
						CreatedOnToolsVersion = 7.1.1;
						TestTargetID = 4A62340E1BFD0F8C008DAFEE;
					};
					4A6234321BFD0F8D008DAFEE = {
						CreatedOnToolsVersion = 7.1.1;
						TestTargetID = 4A62340E1BFD0F8C008DAFEE;
					};
				};
			};
			buildConfigurationList = 4A62340A1BFD0F8C008DAFEE /* Build configuration list for PBXProject "LibroDeNoa" */;
			compatibilityVersion = "Xcode 3.2";
			developmentRegion = English;
			hasScannedForEncodings = 0;
			knownRegions = (
				en,
				Base,
			);
			mainGroup = 4A6234061BFD0F8C008DAFEE;
			productRefGroup = 4A6234101BFD0F8C008DAFEE /* Products */;
			projectDirPath = "";
			projectRoot = "";
			targets = (
				4A62340E1BFD0F8C008DAFEE /* LibroDeNoa */,
				4A6234271BFD0F8D008DAFEE /* LibroDeNoaTests */,
				4A6234321BFD0F8D008DAFEE /* LibroDeNoaUITests */,
			);
		};
/* End PBXProject section */

/* Begin PBXResourcesBuildPhase section */
		4A62340D1BFD0F8C008DAFEE /* Resources */ = {
			isa = PBXResourcesBuildPhase;
			buildActionMask = 2147483647;
			files = (
				4A6236761BFD1076008DAFEE /* 01_plantes liles2.png in Resources */,
				4A6236901BFD1076008DAFEE /* 01_merli_estatic_cargolat.png in Resources */,
				4A6236D31BFD1076008DAFEE /* B_ID_8_sp.mp3 in Resources */,
				4A6236541BFD1076008DAFEE /* bafarada10.png in Resources */,
				4A6236C91BFD1076008DAFEE /* B_ID_3_sp.mp3 in Resources */,
				4A6236B81BFD1076008DAFEE /* 04_papallona1_2.png in Resources */,
				4A6236911BFD1076008DAFEE /* 01_merli_estatic_cargolat_parlant1.png in Resources */,
				4A6236B41BFD1076008DAFEE /* 04_llorer1_2.png in Resources */,
				4A62368D1BFD1076008DAFEE /* 01_tieta_Regant_02.png in Resources */,
				4A62365D1BFD1076008DAFEE /* 01_Carlota_bici08.png in Resources */,
				4A6236CA1BFD1076008DAFEE /* B_ID_4_ca.mp3 in Resources */,
				4A6236591BFD1076008DAFEE /* 01_Carlota_bici04.png in Resources */,
				4A6236DF1BFD1076008DAFEE /* B_ID_39_ca.mp3 in Resources */,
				4A62367C1BFD1076008DAFEE /* 01_tiet_CAP_ullstancats.png in Resources */,
				4A6236E11BFD1076008DAFEE /* BG04.07_hort_comodi.mp3 in Resources */,
				4A6236DE1BFD1076008DAFEE /* B_ID_38_ca.mp3 in Resources */,
				4A62367B1BFD1076008DAFEE /* 01_tiet_CAP_parlant1.png in Resources */,
				4A6236561BFD1076008DAFEE /* 01_Carlota_bici01.png in Resources */,
				4A6236DA1BFD1076008DAFEE /* B_ID_34_ca.mp3 in Resources */,
				4A6236871BFD1076008DAFEE /* 01_tieta_cap_ullcanto_01.png in Resources */,
				4A6236501BFD1076008DAFEE /* bafarada05.png in Resources */,
				4A6236CC1BFD1076008DAFEE /* B_ID_5_ca.mp3 in Resources */,
				4A6236651BFD1076008DAFEE /* 01_Carlota_Ulls_01.png in Resources */,
				4A6236641BFD1076008DAFEE /* 01_Carlota_Estatica.png in Resources */,
				4A6236A81BFD1076008DAFEE /* 04_cargol2.png in Resources */,
				4A62365F1BFD1076008DAFEE /* 01_Carlota_bici10.png in Resources */,
				4A6236B11BFD1076008DAFEE /* 04_escarabatvioleta1.png in Resources */,
				4A6236941BFD1076008DAFEE /* 01_ullmerli2.png in Resources */,
				4A62369F1BFD1076008DAFEE /* 04 - Hort - Pou - RET.png in Resources */,
				4A6236BC1BFD1076008DAFEE /* 04_papallona3_2.png in Resources */,
				4A62369C1BFD1076008DAFEE /* 01_Sargantana_escuada2.png in Resources */,
				4A6236821BFD1076008DAFEE /* 01_tieta_cap_estatica.png in Resources */,
				4A6236A61BFD1076008DAFEE /* 04_cargol1.png in Resources */,
				4A6236E71BFD1076008DAFEE /* Localizable 2.strings in Resources */,
				4A6236521BFD1076008DAFEE /* bafarada08.png in Resources */,
				4A6236E61BFD1076008DAFEE /* copfusta_tiet2.mp3 in Resources */,
				4A6236A21BFD1076008DAFEE /* 04_arbre1_1.png in Resources */,
				4A62369A1BFD1076008DAFEE /* 01_Sargantana_cua.png in Resources */,
				4A6236C41BFD1076008DAFEE /* B_ID_1_ca.mp3 in Resources */,
				4A6236551BFD1076008DAFEE /* bafarada11.png in Resources */,
				4A62365E1BFD1076008DAFEE /* 01_Carlota_bici09.png in Resources */,
				4A6236991BFD1076008DAFEE /* 01_Sargantana2.png in Resources */,
				4A6236AC1BFD1076008DAFEE /* 04_escarabatcervol1.png in Resources */,
				4A6236B61BFD1076008DAFEE /* 04_marieta2.png in Resources */,
				4A6236791BFD1076008DAFEE /* 01_tiet_CAP_decara_ullstancats.png in Resources */,
				4A6236E81BFD1076008DAFEE /* Localizable.strings in Resources */,
				4A6234221BFD0F8C008DAFEE /* LaunchScreen.storyboard in Resources */,
				4A6236E31BFD1076008DAFEE /* narrador04_slow_ca.mp3 in Resources */,
				4A6236B51BFD1076008DAFEE /* 04_marieta1.png in Resources */,
				4A6236781BFD1076008DAFEE /* 01_tiet_CAP_decara_parlant2.png in Resources */,
				4A62366D1BFD1076008DAFEE /* 01_ocell_estatic.png in Resources */,
				4A6236A91BFD1076008DAFEE /* 04_cargol2closca.png in Resources */,
				4A6236CE1BFD1076008DAFEE /* B_ID_6_ca.mp3 in Resources */,
				4A6236BE1BFD1076008DAFEE /* B_ID_10_ca.mp3 in Resources */,
				4A6236D21BFD1076008DAFEE /* B_ID_8_ca.mp3 in Resources */,
				4A6236731BFD1076008DAFEE /* 01_planta Verda1.png in Resources */,
				4A62364D1BFD1076008DAFEE /* bafarada01.png in Resources */,
				4A6236A41BFD1076008DAFEE /* 04_arbre2_1.png in Resources */,
				4A6236C31BFD1076008DAFEE /* B_ID_12_sp.mp3 in Resources */,
				4A6236AA1BFD1076008DAFEE /* 04_cargol3.png in Resources */,
				4A6236C81BFD1076008DAFEE /* B_ID_3_ca.mp3 in Resources */,
				4A6236B01BFD1076008DAFEE /* 04_escarabatvermell2.png in Resources */,
				4A6236581BFD1076008DAFEE /* 01_Carlota_bici03.png in Resources */,
				4A62341F1BFD0F8C008DAFEE /* Assets.xcassets in Resources */,
				4A6236D51BFD1076008DAFEE /* B_ID_9_sp.mp3 in Resources */,
				4A6236631BFD1076008DAFEE /* 01_Carlota_bici14.png in Resources */,
				4A6236AB1BFD1076008DAFEE /* 04_cargol3closca.png in Resources */,
				4A6236E21BFD1076008DAFEE /* narrador04_fast_ca.mp3 in Resources */,
				4A6236E41BFD1076008DAFEE /* ambientpag2_1.mp3 in Resources */,
				4A6236531BFD1076008DAFEE /* bafarada09.png in Resources */,
				4A62366A1BFD1076008DAFEE /* 02_linux_estatic2.png in Resources */,
				4A62366F1BFD1076008DAFEE /* 01_ocell_vola2.png in Resources */,
				4A62364E1BFD1076008DAFEE /* bafarada02.png in Resources */,
				4A62366E1BFD1076008DAFEE /* 01_ocell_vola1.png in Resources */,
				4A6236611BFD1076008DAFEE /* 01_Carlota_bici12.png in Resources */,
				4A6236811BFD1076008DAFEE /* 01_tiet_Partint_tronc3.png in Resources */,
				4A6236B21BFD1076008DAFEE /* 04_escarabatvioleta2.png in Resources */,
				4A6236D11BFD1076008DAFEE /* B_ID_7_sp.mp3 in Resources */,
				4A6236E51BFD1076008DAFEE /* copfusta_tiet.mp3 in Resources */,
				4A6236A01BFD1076008DAFEE /* 04 - Hort - RET.jpg in Resources */,
				4A6236BD1BFD1076008DAFEE /* Pantalla 01.mov in Resources */,
				4A6236951BFD1076008DAFEE /* 01_ullmerli3.png in Resources */,
				4A6236851BFD1076008DAFEE /* 01_tieta_cap_parlantcara_01.png in Resources */,
				4A6236B91BFD1076008DAFEE /* 04_papallona2_1.png in Resources */,
				4A6236BB1BFD1076008DAFEE /* 04_papallona3_1.png in Resources */,
				4A62366B1BFD1076008DAFEE /* 02_linux_parla.png in Resources */,
				4A6236571BFD1076008DAFEE /* 01_Carlota_bici02.png in Resources */,
				4A62365A1BFD1076008DAFEE /* 01_Carlota_bici05.png in Resources */,
				4A62366C1BFD1076008DAFEE /* 01_ocell_empren_vol.png in Resources */,
				4A6236C71BFD1076008DAFEE /* B_ID_2_sp.mp3 in Resources */,
				4A6236621BFD1076008DAFEE /* 01_Carlota_bici13.png in Resources */,
				4A6236711BFD1076008DAFEE /* 01_planta groga2.png in Resources */,
				4A6236801BFD1076008DAFEE /* 01_tiet_Partint_tronc2.png in Resources */,
				4A6236771BFD1076008DAFEE /* 01_tiet_CAP_decara_parlant1.png in Resources */,
				4A6236D91BFD1076008DAFEE /* narrador01_slow_sp.mp3 in Resources */,
				4A6236AD1BFD1076008DAFEE /* 04_escarabatcervol2.png in Resources */,
				4A6236B31BFD1076008DAFEE /* 04_llorer1_1.png in Resources */,
				4A62364F1BFD1076008DAFEE /* bafarada03.png in Resources */,
				4A6236661BFD1076008DAFEE /* 01_Carlota_xerrant_01.png in Resources */,
				4A62365C1BFD1076008DAFEE /* 01_Carlota_bici07.png in Resources */,
				4A6236671BFD1076008DAFEE /* 01_Carlota_xerrant_02.png in Resources */,
				4A62367F1BFD1076008DAFEE /* 01_tiet_Partint_tronc1.png in Resources */,
				4A6236AF1BFD1076008DAFEE /* 04_escarabatvermell1.png in Resources */,
				4A6236D71BFD1076008DAFEE /* narrador01_fast_sp.mp3 in Resources */,
				4A6236841BFD1076008DAFEE /* 01_tieta_cap_parlantcanto_02.png in Resources */,
				4A62369E1BFD1076008DAFEE /* 01_Arbres1.png in Resources */,
				4A6236831BFD1076008DAFEE /* 01_tieta_cap_parlantcanto_01.png in Resources */,
				4A6236A31BFD1076008DAFEE /* 04_arbre1_2.png in Resources */,
				4A6236931BFD1076008DAFEE /* 01_ullmerli1.png in Resources */,
				4A6236701BFD1076008DAFEE /* 01_planta groga1.png in Resources */,
				4A6236C11BFD1076008DAFEE /* B_ID_11_sp.mp3 in Resources */,
				4A6236BF1BFD1076008DAFEE /* B_ID_10_sp.mp3 in Resources */,
				4A6236A51BFD1076008DAFEE /* 04_arbre2_2.png in Resources */,
				4A6236DB1BFD1076008DAFEE /* B_ID_35_ca.mp3 in Resources */,
				4A6236751BFD1076008DAFEE /* 01_plantes liles1.png in Resources */,
				4A62368F1BFD1076008DAFEE /* 01_merli_estatic.png in Resources */,
				4A6236D01BFD1076008DAFEE /* B_ID_7_ca.mp3 in Resources */,
				4A6236961BFD1076008DAFEE /* 01_ullmerli_cargolat1.png in Resources */,
				4A6236CD1BFD1076008DAFEE /* B_ID_5_sp.mp3 in Resources */,
				4A6236971BFD1076008DAFEE /* 01_ullmerli_cargolat2.png in Resources */,
				4A62369B1BFD1076008DAFEE /* 01_Sargantana_escuada1.png in Resources */,
				4A62341D1BFD0F8C008DAFEE /* Main.storyboard in Resources */,
				4A6236CF1BFD1076008DAFEE /* B_ID_6_sp.mp3 in Resources */,
				4A6236C51BFD1076008DAFEE /* B_ID_1_sp.mp3 in Resources */,
				4A6236E01BFD1076008DAFEE /* BG04.07_hort.mp3 in Resources */,
				4A62364C1BFD1076008DAFEE /* Stanberry.ttf in Resources */,
				4A6236C01BFD1076008DAFEE /* B_ID_11_ca.mp3 in Resources */,
				4A62368E1BFD1076008DAFEE /* 01 - Carret.png in Resources */,
				4A6236921BFD1076008DAFEE /* 01_merli_parlant1.png in Resources */,
				4A6236721BFD1076008DAFEE /* 01_planta Verda.psd in Resources */,
				4A62365B1BFD1076008DAFEE /* 01_Carlota_bici06.png in Resources */,
				4A6236DD1BFD1076008DAFEE /* B_ID_37_ca.mp3 in Resources */,
				4A6236D81BFD1076008DAFEE /* narrador01_slow_ca.mp3 in Resources */,
				4A6236601BFD1076008DAFEE /* 01_Carlota_bici11.png in Resources */,
				4A6236D41BFD1076008DAFEE /* B_ID_9_ca.mp3 in Resources */,
				4A62369D1BFD1076008DAFEE /* 01-Granja-RET.jpg in Resources */,
				4A6236891BFD1076008DAFEE /* 01_tieta_cap_Ullscara_01.png in Resources */,
				4A6236DC1BFD1076008DAFEE /* B_ID_36_ca.mp3 in Resources */,
				4A6236D61BFD1076008DAFEE /* narrador01_fast_ca.mp3 in Resources */,
				4A6236A71BFD1076008DAFEE /* 04_cargol1closca.png in Resources */,
				4A62368C1BFD1076008DAFEE /* 01_tieta_Regant_01.png in Resources */,
				4A6236511BFD1076008DAFEE /* bafarada06.png in Resources */,
				4A62367E1BFD1076008DAFEE /* 01_tiet_estatic.png in Resources */,
				4A6236E91BFD1076008DAFEE /* vol_ocell.mp3 in Resources */,
				4A6236CB1BFD1076008DAFEE /* B_ID_4_sp.mp3 in Resources */,
				4A6236981BFD1076008DAFEE /* 01_Sargantana1.png in Resources */,
				4A6236AE1BFD1076008DAFEE /* 04_escarabatcervol3.png in Resources */,
				4A6236681BFD1076008DAFEE /* 02_linux_camina.png in Resources */,
				4A62367D1BFD1076008DAFEE /* 01_tiet_copet_destral1.png in Resources */,
				4A6236C21BFD1076008DAFEE /* B_ID_12_ca.mp3 in Resources */,
				4A6236B71BFD1076008DAFEE /* 04_papallona1_1.png in Resources */,
				4A6236881BFD1076008DAFEE /* 01_tieta_cap_ullcanto_02.png in Resources */,
				4A6236C61BFD1076008DAFEE /* B_ID_2_ca.mp3 in Resources */,
				4A6236BA1BFD1076008DAFEE /* 04_papallona2_2.png in Resources */,
				4A62367A1BFD1076008DAFEE /* 01_tiet_CAP_estatic.png in Resources */,
				4A62368B1BFD1076008DAFEE /* 01_tieta_estatica.png in Resources */,
				4A6236691BFD1076008DAFEE /* 02_linux_estatic.png in Resources */,
				4A6236741BFD1076008DAFEE /* 01_planta Verda2.png in Resources */,
				4A6236A11BFD1076008DAFEE /* 04 - Hortalises.png in Resources */,
				4A62368A1BFD1076008DAFEE /* 01_tieta_cap_Ullscara_02.png in Resources */,
				4A6236861BFD1076008DAFEE /* 01_tieta_cap_parlantcara_02.png in Resources */,
			);
			runOnlyForDeploymentPostprocessing = 0;
		};
		4A6234261BFD0F8D008DAFEE /* Resources */ = {
			isa = PBXResourcesBuildPhase;
			buildActionMask = 2147483647;
			files = (
			);
			runOnlyForDeploymentPostprocessing = 0;
		};
		4A6234311BFD0F8D008DAFEE /* Resources */ = {
			isa = PBXResourcesBuildPhase;
			buildActionMask = 2147483647;
			files = (
			);
			runOnlyForDeploymentPostprocessing = 0;
		};
/* End PBXResourcesBuildPhase section */

/* Begin PBXSourcesBuildPhase section */
		4A62340B1BFD0F8C008DAFEE /* Sources */ = {
			isa = PBXSourcesBuildPhase;
			buildActionMask = 2147483647;
			files = (
				4A62341A1BFD0F8C008DAFEE /* ViewController.m in Sources */,
				4A6236EC1BFD14DC008DAFEE /* SoundManager.m in Sources */,
				4A6234171BFD0F8C008DAFEE /* AppDelegate.m in Sources */,
				4A6234141BFD0F8C008DAFEE /* main.m in Sources */,
			);
			runOnlyForDeploymentPostprocessing = 0;
		};
		4A6234241BFD0F8D008DAFEE /* Sources */ = {
			isa = PBXSourcesBuildPhase;
			buildActionMask = 2147483647;
			files = (
				4A62342D1BFD0F8D008DAFEE /* LibroDeNoaTests.m in Sources */,
			);
			runOnlyForDeploymentPostprocessing = 0;
		};
		4A62342F1BFD0F8D008DAFEE /* Sources */ = {
			isa = PBXSourcesBuildPhase;
			buildActionMask = 2147483647;
			files = (
				4A6234381BFD0F8D008DAFEE /* LibroDeNoaUITests.m in Sources */,
			);
			runOnlyForDeploymentPostprocessing = 0;
		};
/* End PBXSourcesBuildPhase section */

/* Begin PBXTargetDependency section */
		4A62342A1BFD0F8D008DAFEE /* PBXTargetDependency */ = {
			isa = PBXTargetDependency;
			target = 4A62340E1BFD0F8C008DAFEE /* LibroDeNoa */;
			targetProxy = 4A6234291BFD0F8D008DAFEE /* PBXContainerItemProxy */;
		};
		4A6234351BFD0F8D008DAFEE /* PBXTargetDependency */ = {
			isa = PBXTargetDependency;
			target = 4A62340E1BFD0F8C008DAFEE /* LibroDeNoa */;
			targetProxy = 4A6234341BFD0F8D008DAFEE /* PBXContainerItemProxy */;
		};
/* End PBXTargetDependency section */

/* Begin PBXVariantGroup section */
		4A62341B1BFD0F8C008DAFEE /* Main.storyboard */ = {
			isa = PBXVariantGroup;
			children = (
				4A62341C1BFD0F8C008DAFEE /* Base */,
			);
			name = Main.storyboard;
			sourceTree = "<group>";
		};
		4A6234201BFD0F8C008DAFEE /* LaunchScreen.storyboard */ = {
			isa = PBXVariantGroup;
			children = (
				4A6234211BFD0F8C008DAFEE /* Base */,
			);
			name = LaunchScreen.storyboard;
			sourceTree = "<group>";
		};
/* End PBXVariantGroup section */

/* Begin XCBuildConfiguration section */
		4A62343A1BFD0F8D008DAFEE /* Debug */ = {
			isa = XCBuildConfiguration;
			buildSettings = {
				ALWAYS_SEARCH_USER_PATHS = NO;
				CLANG_CXX_LANGUAGE_STANDARD = "gnu++0x";
				CLANG_CXX_LIBRARY = "libc++";
				CLANG_ENABLE_MODULES = YES;
				CLANG_ENABLE_OBJC_ARC = YES;
				CLANG_WARN_BOOL_CONVERSION = YES;
				CLANG_WARN_CONSTANT_CONVERSION = YES;
				CLANG_WARN_DIRECT_OBJC_ISA_USAGE = YES_ERROR;
				CLANG_WARN_EMPTY_BODY = YES;
				CLANG_WARN_ENUM_CONVERSION = YES;
				CLANG_WARN_INT_CONVERSION = YES;
				CLANG_WARN_OBJC_ROOT_CLASS = YES_ERROR;
				CLANG_WARN_UNREACHABLE_CODE = YES;
				CLANG_WARN__DUPLICATE_METHOD_MATCH = YES;
				"CODE_SIGN_IDENTITY[sdk=iphoneos*]" = "iPhone Developer";
				COPY_PHASE_STRIP = NO;
				DEBUG_INFORMATION_FORMAT = dwarf;
				ENABLE_STRICT_OBJC_MSGSEND = YES;
				ENABLE_TESTABILITY = YES;
				GCC_C_LANGUAGE_STANDARD = gnu99;
				GCC_DYNAMIC_NO_PIC = NO;
				GCC_NO_COMMON_BLOCKS = YES;
				GCC_OPTIMIZATION_LEVEL = 0;
				GCC_PREPROCESSOR_DEFINITIONS = (
					"DEBUG=1",
					"$(inherited)",
				);
				GCC_WARN_64_TO_32_BIT_CONVERSION = YES;
				GCC_WARN_ABOUT_RETURN_TYPE = YES_ERROR;
				GCC_WARN_UNDECLARED_SELECTOR = YES;
				GCC_WARN_UNINITIALIZED_AUTOS = YES_AGGRESSIVE;
				GCC_WARN_UNUSED_FUNCTION = YES;
				GCC_WARN_UNUSED_VARIABLE = YES;
				IPHONEOS_DEPLOYMENT_TARGET = 9.1;
				MTL_ENABLE_DEBUG_INFO = YES;
				ONLY_ACTIVE_ARCH = YES;
				SDKROOT = iphoneos;
				TARGETED_DEVICE_FAMILY = 2;
			};
			name = Debug;
		};
		4A62343B1BFD0F8D008DAFEE /* Release */ = {
			isa = XCBuildConfiguration;
			buildSettings = {
				ALWAYS_SEARCH_USER_PATHS = NO;
				CLANG_CXX_LANGUAGE_STANDARD = "gnu++0x";
				CLANG_CXX_LIBRARY = "libc++";
				CLANG_ENABLE_MODULES = YES;
				CLANG_ENABLE_OBJC_ARC = YES;
				CLANG_WARN_BOOL_CONVERSION = YES;
				CLANG_WARN_CONSTANT_CONVERSION = YES;
				CLANG_WARN_DIRECT_OBJC_ISA_USAGE = YES_ERROR;
				CLANG_WARN_EMPTY_BODY = YES;
				CLANG_WARN_ENUM_CONVERSION = YES;
				CLANG_WARN_INT_CONVERSION = YES;
				CLANG_WARN_OBJC_ROOT_CLASS = YES_ERROR;
				CLANG_WARN_UNREACHABLE_CODE = YES;
				CLANG_WARN__DUPLICATE_METHOD_MATCH = YES;
				"CODE_SIGN_IDENTITY[sdk=iphoneos*]" = "iPhone Developer";
				COPY_PHASE_STRIP = NO;
				DEBUG_INFORMATION_FORMAT = "dwarf-with-dsym";
				ENABLE_NS_ASSERTIONS = NO;
				ENABLE_STRICT_OBJC_MSGSEND = YES;
				GCC_C_LANGUAGE_STANDARD = gnu99;
				GCC_NO_COMMON_BLOCKS = YES;
				GCC_WARN_64_TO_32_BIT_CONVERSION = YES;
				GCC_WARN_ABOUT_RETURN_TYPE = YES_ERROR;
				GCC_WARN_UNDECLARED_SELECTOR = YES;
				GCC_WARN_UNINITIALIZED_AUTOS = YES_AGGRESSIVE;
				GCC_WARN_UNUSED_FUNCTION = YES;
				GCC_WARN_UNUSED_VARIABLE = YES;
				IPHONEOS_DEPLOYMENT_TARGET = 9.1;
				MTL_ENABLE_DEBUG_INFO = NO;
				SDKROOT = iphoneos;
				TARGETED_DEVICE_FAMILY = 2;
				VALIDATE_PRODUCT = YES;
			};
			name = Release;
		};
		4A62343D1BFD0F8D008DAFEE /* Debug */ = {
			isa = XCBuildConfiguration;
			buildSettings = {
				ASSETCATALOG_COMPILER_APPICON_NAME = AppIcon;
				INFOPLIST_FILE = LibroDeNoa/Info.plist;
				LD_RUNPATH_SEARCH_PATHS = "$(inherited) @executable_path/Frameworks";
				PRODUCT_BUNDLE_IDENTIFIER = edu.jmramirez.LibroDeNoa;
				PRODUCT_NAME = "$(TARGET_NAME)";
			};
			name = Debug;
		};
		4A62343E1BFD0F8D008DAFEE /* Release */ = {
			isa = XCBuildConfiguration;
			buildSettings = {
				ASSETCATALOG_COMPILER_APPICON_NAME = AppIcon;
				INFOPLIST_FILE = LibroDeNoa/Info.plist;
				LD_RUNPATH_SEARCH_PATHS = "$(inherited) @executable_path/Frameworks";
				PRODUCT_BUNDLE_IDENTIFIER = edu.jmramirez.LibroDeNoa;
				PRODUCT_NAME = "$(TARGET_NAME)";
			};
			name = Release;
		};
		4A6234401BFD0F8D008DAFEE /* Debug */ = {
			isa = XCBuildConfiguration;
			buildSettings = {
				BUNDLE_LOADER = "$(TEST_HOST)";
				INFOPLIST_FILE = LibroDeNoaTests/Info.plist;
				LD_RUNPATH_SEARCH_PATHS = "$(inherited) @executable_path/Frameworks @loader_path/Frameworks";
				PRODUCT_BUNDLE_IDENTIFIER = edu.jmramirez.LibroDeNoaTests;
				PRODUCT_NAME = "$(TARGET_NAME)";
				TEST_HOST = "$(BUILT_PRODUCTS_DIR)/LibroDeNoa.app/LibroDeNoa";
			};
			name = Debug;
		};
		4A6234411BFD0F8D008DAFEE /* Release */ = {
			isa = XCBuildConfiguration;
			buildSettings = {
				BUNDLE_LOADER = "$(TEST_HOST)";
				INFOPLIST_FILE = LibroDeNoaTests/Info.plist;
				LD_RUNPATH_SEARCH_PATHS = "$(inherited) @executable_path/Frameworks @loader_path/Frameworks";
				PRODUCT_BUNDLE_IDENTIFIER = edu.jmramirez.LibroDeNoaTests;
				PRODUCT_NAME = "$(TARGET_NAME)";
				TEST_HOST = "$(BUILT_PRODUCTS_DIR)/LibroDeNoa.app/LibroDeNoa";
			};
			name = Release;
		};
		4A6234431BFD0F8D008DAFEE /* Debug */ = {
			isa = XCBuildConfiguration;
			buildSettings = {
				INFOPLIST_FILE = LibroDeNoaUITests/Info.plist;
				LD_RUNPATH_SEARCH_PATHS = "$(inherited) @executable_path/Frameworks @loader_path/Frameworks";
				PRODUCT_BUNDLE_IDENTIFIER = edu.jmramirez.LibroDeNoaUITests;
				PRODUCT_NAME = "$(TARGET_NAME)";
				TEST_TARGET_NAME = LibroDeNoa;
				USES_XCTRUNNER = YES;
			};
			name = Debug;
		};
		4A6234441BFD0F8D008DAFEE /* Release */ = {
			isa = XCBuildConfiguration;
			buildSettings = {
				INFOPLIST_FILE = LibroDeNoaUITests/Info.plist;
				LD_RUNPATH_SEARCH_PATHS = "$(inherited) @executable_path/Frameworks @loader_path/Frameworks";
				PRODUCT_BUNDLE_IDENTIFIER = edu.jmramirez.LibroDeNoaUITests;
				PRODUCT_NAME = "$(TARGET_NAME)";
				TEST_TARGET_NAME = LibroDeNoa;
				USES_XCTRUNNER = YES;
			};
			name = Release;
		};
/* End XCBuildConfiguration section */

/* Begin XCConfigurationList section */
		4A62340A1BFD0F8C008DAFEE /* Build configuration list for PBXProject "LibroDeNoa" */ = {
			isa = XCConfigurationList;
			buildConfigurations = (
				4A62343A1BFD0F8D008DAFEE /* Debug */,
				4A62343B1BFD0F8D008DAFEE /* Release */,
			);
			defaultConfigurationIsVisible = 0;
			defaultConfigurationName = Release;
		};
		4A62343C1BFD0F8D008DAFEE /* Build configuration list for PBXNativeTarget "LibroDeNoa" */ = {
			isa = XCConfigurationList;
			buildConfigurations = (
				4A62343D1BFD0F8D008DAFEE /* Debug */,
				4A62343E1BFD0F8D008DAFEE /* Release */,
			);
			defaultConfigurationIsVisible = 0;
		};
		4A62343F1BFD0F8D008DAFEE /* Build configuration list for PBXNativeTarget "LibroDeNoaTests" */ = {
			isa = XCConfigurationList;
			buildConfigurations = (
				4A6234401BFD0F8D008DAFEE /* Debug */,
				4A6234411BFD0F8D008DAFEE /* Release */,
			);
			defaultConfigurationIsVisible = 0;
		};
		4A6234421BFD0F8D008DAFEE /* Build configuration list for PBXNativeTarget "LibroDeNoaUITests" */ = {
			isa = XCConfigurationList;
			buildConfigurations = (
				4A6234431BFD0F8D008DAFEE /* Debug */,
				4A6234441BFD0F8D008DAFEE /* Release */,
			);
			defaultConfigurationIsVisible = 0;
		};
/* End XCConfigurationList section */
	};
	rootObject = 4A6234071BFD0F8C008DAFEE /* Project object */;
}
